
Microsoft Visual Studio Solution File, Format Version 12.00
# Visual Studio Version 17
VisualStudioVersion = 17.3.32922.545
MinimumVisualStudioVersion = 10.0.40219.1
Project("{FAE04EC0-301F-11D3-BF4B-00C04F79EFBC}") = "Hello", "test\Hello.csproj", "{EF05879F-D54C-4469-9659-309960EC73AB}"
EndProject
Project("{FAE04EC0-301F-11D3-BF4B-00C04F79EFBC}") = "Animal", "Animal\Animal.csproj", "{C81EB26B-41FA-4FF1-8BC1-657190DC1F33}"
EndProject
Project("{FAE04EC0-301F-11D3-BF4B-00C04F79EFBC}") = "PrePost", "PrePost\PrePost.csproj", "{590AEEDE-AA1E-4534-8515-C47A3F5D3694}"
EndProject
Project("{FAE04EC0-301F-11D3-BF4B-00C04F79EFBC}") = "Runparam", "Runparam\Runparam.csproj", "{C7EDAF0D-505E-4D1B-A225-ABC985542756}"
EndProject
Project("{FAE04EC0-301F-11D3-BF4B-00C04F79EFBC}") = "Kő Papír Olló", "Tesztelések\Kő Papír Olló.csproj", "{BFE4D478-BB17-4036-9DE5-D67B05398AB9}"
EndProject
Project("{FAE04EC0-301F-11D3-BF4B-00C04F79EFBC}") = "3. Feladat", "3. Feladat\3. Feladat.csproj", "{B9BEC14C-D9A3-4DA0-BB62-298E2712F4FD}"
EndProject
Project("{FAE04EC0-301F-11D3-BF4B-00C04F79EFBC}") = "Kő-Papír-Olló 2", "Kő-Papír-Olló 2\Kő-Papír-Olló 2.csproj", "{5FDE1A38-AFF2-4C5E-AFEB-3841DD650D5D}"
EndProject
Project("{FAE04EC0-301F-11D3-BF4B-00C04F79EFBC}") = "17. Feladat", "17. Feladat\17. Feladat.csproj", "{4E9B57D8-DB21-4DE8-A085-D57A1036D3AD}"
EndProject
Project("{FAE04EC0-301F-11D3-BF4B-00C04F79EFBC}") = "18. Feladat", "18. Feladat\18. Feladat.csproj", "{CA5D5676-63F8-41AB-8709-9C0943ECD626}"
EndProject
Project("{FAE04EC0-301F-11D3-BF4B-00C04F79EFBC}") = "10. Feladat", "10. Feladat\10. Feladat.csproj", "{7B5176E8-FC2A-4338-BE71-AF141BBC2EC2}"
EndProject
Project("{FAE04EC0-301F-11D3-BF4B-00C04F79EFBC}") = "11. Feladat", "11. Feladat\11. Feladat.csproj", "{12C88991-3F41-4DB8-887A-9BF5D1B46CE7}"
EndProject
Project("{FAE04EC0-301F-11D3-BF4B-00C04F79EFBC}") = "12. Feladat", "12. Feladat\12. Feladat.csproj", "{5887D2F0-243F-437C-93D3-EED7312136AD}"
EndProject
Project("{FAE04EC0-301F-11D3-BF4B-00C04F79EFBC}") = "13. Feladat", "13. Feladat\13. Feladat.csproj", "{5AC74C4E-DFEC-4467-A66D-93DAB9B06764}"
EndProject
Project("{FAE04EC0-301F-11D3-BF4B-00C04F79EFBC}") = "14. Feladat", "14. Feladat\14. Feladat.csproj", "{02A14F2C-32E4-4343-A3E1-6A1617C718C4}"
EndProject
Project("{FAE04EC0-301F-11D3-BF4B-00C04F79EFBC}") = "Teszt", "Teszt\Teszt.csproj", "{CA60B7A9-2825-4032-A2EE-732D898624DF}"
EndProject
Project("{FAE04EC0-301F-11D3-BF4B-00C04F79EFBC}") = "PercekOrak", "PercekOrak\PercekOrak.csproj", "{38C3F84D-53D2-4F27-8622-FFF3D2255923}"
EndProject
Project("{FAE04EC0-301F-11D3-BF4B-00C04F79EFBC}") = "Tomb01", "Tomb01\Tomb01.csproj", "{E29CC938-DCDB-4CB6-9AC2-0770F91B270A}"
EndProject
Project("{FAE04EC0-301F-11D3-BF4B-00C04F79EFBC}") = "String Demo", "String Demo\String Demo.csproj", "{259AD465-3571-4021-B680-660070FAE2C0}"
EndProject
Project("{FAE04EC0-301F-11D3-BF4B-00C04F79EFBC}") = "String  Metods", "String  Metods\String  Metods.csproj", "{4B3CDCFB-3D3D-48FD-A82F-A6F10E2D5F03}"
EndProject
Project("{2150E333-8FDC-42A3-9474-1A3956D46DE8}") = "1. Feladat", "1. Feladat", "{81F1E53C-DF19-48A6-8942-4518789BA79C}"
EndProject
Project("{2150E333-8FDC-42A3-9474-1A3956D46DE8}") = "2. Feladat", "2. Feladat", "{4215D2D9-92C5-416B-A1AB-ECDB3B9B3801}"
EndProject
Project("{FAE04EC0-301F-11D3-BF4B-00C04F79EFBC}") = "Minimum-Maximum", "Minimum-Maximum\Minimum-Maximum.csproj", "{3C85531A-6A44-4C25-8389-E4DFEB613500}"
EndProject
Project("{FAE04EC0-301F-11D3-BF4B-00C04F79EFBC}") = "Szigetek", "Szigetek\Szigetek.csproj", "{2CB25740-49E0-46BC-8F88-09AFA3E79744}"
EndProject
Project("{FAE04EC0-301F-11D3-BF4B-00C04F79EFBC}") = "Átlaghőmérséklet", "Átlaghőmérséklet\Átlaghőmérséklet.csproj", "{20E75B9A-9E80-45DB-BF01-8E03BAA271A9}"
EndProject
Project("{FAE04EC0-301F-11D3-BF4B-00C04F79EFBC}") = "Buborékrendezés", "Buborékrendezés\Buborékrendezés.csproj", "{42133892-BC0C-4DA5-90C4-35B9C75164EC}"
EndProject
Project("{FAE04EC0-301F-11D3-BF4B-00C04F79EFBC}") = "Osztály", "Osztály\Osztály.csproj", "{D17748D6-69E0-427F-A713-93AADC8F4189}"
EndProject
Project("{FAE04EC0-301F-11D3-BF4B-00C04F79EFBC}") = "Polimorf", "Polimorf\Polimorf.csproj", "{113E8F87-5B64-4E5B-8668-AC04AAD4EA5E}"
EndProject
Project("{FAE04EC0-301F-11D3-BF4B-00C04F79EFBC}") = "Osztály gyakorlás", "Osztály gyakorlás\Osztály gyakorlás.csproj", "{AD59A8B8-1AE2-44D3-A99D-9BBEB9D5DF63}"
EndProject
Project("{FAE04EC0-301F-11D3-BF4B-00C04F79EFBC}") = "Buborékrendezés gyakorlás", "Buborékrendezés gyakorlás\Buborékrendezés gyakorlás.csproj", "{91AE3869-073B-4B12-9343-971482003879}"
EndProject
Project("{FAE04EC0-301F-11D3-BF4B-00C04F79EFBC}") = "Négyszög", "Négyszög\Négyszög.csproj", "{2B782C30-C263-4EB0-A0DD-D9CC1D9A7840}"
EndProject
Project("{FAE04EC0-301F-11D3-BF4B-00C04F79EFBC}") = "Kör", "Kör (osztály)\Kör.csproj", "{E4B1758F-B3BA-4644-90A1-EBACBB4DAC47}"
EndProject
Project("{FAE04EC0-301F-11D3-BF4B-00C04F79EFBC}") = "Hasáb", "Hasáb\Hasáb.csproj", "{7941A84F-EF9A-4195-A0A7-43D4BD3373C3}"
EndProject
Project("{FAE04EC0-301F-11D3-BF4B-00C04F79EFBC}") = "Akasztófa", "Akasztófa\Akasztófa.csproj", "{E7237245-5173-46E1-B12D-6F425B3D7163}"
EndProject
Project("{FAE04EC0-301F-11D3-BF4B-00C04F79EFBC}") = "HáromszögOOP", "Háromszög\HáromszögOOP.csproj", "{11BB4FDA-C563-4E95-890F-777C18E9CC10}"
EndProject
Project("{FAE04EC0-301F-11D3-BF4B-00C04F79EFBC}") = "Tombos", "Tombos\Tombos.csproj", "{AD6C3EB0-6462-414A-AA0B-A4BE478EDD66}"
EndProject
Project("{FAE04EC0-301F-11D3-BF4B-00C04F79EFBC}") = "HofokOOP", "HofokOOP\HofokOOP.csproj", "{652B2A2C-C287-4221-9ED5-206BB905B8B8}"
EndProject
Project("{FAE04EC0-301F-11D3-BF4B-00C04F79EFBC}") = "Fej vagy írás", "Fej vagy írás\Fej vagy írás.csproj", "{3D2233DC-5175-4737-BBFB-4ADCA45012BE}"
EndProject
Project("{FAE04EC0-301F-11D3-BF4B-00C04F79EFBC}") = "TesttömegindexOOP", "Testtömegindex\TesttömegindexOOP.csproj", "{3433E1A2-C892-46DE-9E2A-30F085F44CB8}"
EndProject
Project("{FAE04EC0-301F-11D3-BF4B-00C04F79EFBC}") = "HalmazállapotOOP", "Halmazállapot\HalmazállapotOOP.csproj", "{351D24FF-2C92-49C5-AC32-5DAB926A4D47}"
EndProject
Project("{FAE04EC0-301F-11D3-BF4B-00C04F79EFBC}") = "Pontok távolságaOOP", "Pontok távolsága\Pontok távolságaOOP.csproj", "{3BECC5DE-5895-4D04-90F0-80A3A718D3D6}"
EndProject
Project("{FAE04EC0-301F-11D3-BF4B-00C04F79EFBC}") = "BlackJack", "BlackJack\BlackJack.csproj", "{3F87337B-E26D-428B-A96F-78C99FBE942E}"
EndProject
Project("{FAE04EC0-301F-11D3-BF4B-00C04F79EFBC}") = "PontHatOOP", "PontHatOOP\PontHatOOP.csproj", "{A7594670-2E95-485F-8228-BA089F974054}"
EndProject
Project("{FAE04EC0-301F-11D3-BF4B-00C04F79EFBC}") = "CímletezésOOP", "CímletezésOOP\CímletezésOOP.csproj", "{001CD664-65C8-4291-AA3F-8F82CB119938}"
EndProject
Project("{FAE04EC0-301F-11D3-BF4B-00C04F79EFBC}") = "Példa 1", "Példa 1\Példa 1.csproj", "{5D96DC20-BB64-4403-B190-032E09F28B13}"
EndProject
Project("{FAE04EC0-301F-11D3-BF4B-00C04F79EFBC}") = "DinnyeOOP", "DinnyeOOP\DinnyeOOP.csproj", "{768C79FA-E807-40A7-BC2E-E8367843457F}"
EndProject
Project("{FAE04EC0-301F-11D3-BF4B-00C04F79EFBC}") = "CsempeOOP", "CsempeOOP\CsempeOOP.csproj", "{42F8B2EE-EE7B-49E9-945B-0A6C338D0A99}"
EndProject
Project("{FAE04EC0-301F-11D3-BF4B-00C04F79EFBC}") = "SzögOOP", "SzögOOP\SzögOOP.csproj", "{BEDC660C-1457-47DC-A5C1-ACF75AE8EAD0}"
EndProject
Project("{FAE04EC0-301F-11D3-BF4B-00C04F79EFBC}") = "SugárOOP", "SugárOOP\SugárOOP.csproj", "{A05944EF-2BDC-490B-885B-556779CA7262}"
EndProject
Project("{FAE04EC0-301F-11D3-BF4B-00C04F79EFBC}") = "MásodpercOOP", "MásodpercOOP\MásodpercOOP.csproj", "{791008EC-0A9C-453C-8486-ECD39D946920}"
EndProject
Project("{FAE04EC0-301F-11D3-BF4B-00C04F79EFBC}") = "MásodfokúOOP", "GyökOOP\MásodfokúOOP.csproj", "{BEA6F672-06B6-433D-8E62-3CE921D474EE}"
EndProject
Project("{FAE04EC0-301F-11D3-BF4B-00C04F79EFBC}") = "MatrixOOP", "Matrix\MatrixOOP.csproj", "{50F5CA5A-B389-4DB0-B740-02EA2CF03B68}"
EndProject
Project("{FAE04EC0-301F-11D3-BF4B-00C04F79EFBC}") = "NegyszogOOP (Nincs kész)", "NegyszogOOP\NegyszogOOP (Nincs kész).csproj", "{7AE19FD0-4EBE-4300-9628-412BE98063DB}"
EndProject
Project("{FAE04EC0-301F-11D3-BF4B-00C04F79EFBC}") = "TortOOP", "TortOOP\TortOOP.csproj", "{D399EEF5-F759-41AF-A36D-A748E8BFCBEF}"
EndProject
Project("{FAE04EC0-301F-11D3-BF4B-00C04F79EFBC}") = "EgerekOOP", "EgerekOOP\EgerekOOP.csproj", "{C9A5CE47-7BE4-45DD-A0C8-33EFA693DBCB}"
EndProject
Project("{FAE04EC0-301F-11D3-BF4B-00C04F79EFBC}") = "SorosszegOOP", "SorosszegOOP\SorosszegOOP.csproj", "{6ACD1756-F9CB-4339-AE13-74D509D15167}"
EndProject
Project("{FAE04EC0-301F-11D3-BF4B-00C04F79EFBC}") = "AtvaltOOP", "AtvaltOOP\AtvaltOOP.csproj", "{45B452B0-B508-4AFF-A2B0-BCE5A99CADBB}"
EndProject
Project("{2150E333-8FDC-42A3-9474-1A3956D46DE8}") = "Konzolos Feladatok 02", "Konzolos Feladatok 02", "{0A15347E-CAE8-41CB-A063-1A30D1952B90}"
EndProject
Project("{FAE04EC0-301F-11D3-BF4B-00C04F79EFBC}") = "KivételOOP", "KivételOOP\KivételOOP.csproj", "{1DF9728E-E9DC-4228-92CE-C30C01762B8C}"
EndProject
Project("{2150E333-8FDC-42A3-9474-1A3956D46DE8}") = "OOP", "OOP", "{8CD6197D-5C1D-419E-B907-D192EAB7733D}"
EndProject
Project("{2150E333-8FDC-42A3-9474-1A3956D46DE8}") = "NSA", "NSA", "{47E9CAA9-E19E-4FCC-A20F-97E339F708FF}"
EndProject
Project("{2150E333-8FDC-42A3-9474-1A3956D46DE8}") = "GZ", "GZ", "{5F9C09FE-3D5F-4952-8831-995F27991CAD}"
EndProject
Project("{FAE04EC0-301F-11D3-BF4B-00C04F79EFBC}") = "Kivétel2", "Kivétel2\Kivétel2.csproj", "{11041E20-C4FB-41FD-9B32-8A5B8F5EE681}"
EndProject
Project("{FAE04EC0-301F-11D3-BF4B-00C04F79EFBC}") = "Fájlolvasás", "Fájlolvasás\Fájlolvasás.csproj", "{B10CDC18-FCDB-427C-9EE4-C5DDC4C93E21}"
EndProject
Project("{FAE04EC0-301F-11D3-BF4B-00C04F79EFBC}") = "FileIO", "FileIO\FileIO.csproj", "{7C30A40E-CE9C-4954-9972-EC108F40609C}"
EndProject
Project("{FAE04EC0-301F-11D3-BF4B-00C04F79EFBC}") = "Fajlos", "Fajlos\Fajlos.csproj", "{8E79771B-3511-49F5-BA63-752FFD429F2A}"
EndProject
Project("{FAE04EC0-301F-11D3-BF4B-00C04F79EFBC}") = "BlackBox", "BlackBox\BlackBox.csproj", "{5368728A-E817-40E3-9BD5-FDE88D7F6B96}"
EndProject
Project("{FAE04EC0-301F-11D3-BF4B-00C04F79EFBC}") = "GyakorlóFeladat", "GyakorlóFeladat\GyakorlóFeladat.csproj", "{BB911EC4-353F-42A8-9B47-79A1D91C1713}"
EndProject
Project("{FAE04EC0-301F-11D3-BF4B-00C04F79EFBC}") = "BarátokOOP", "BarátokOOP\BarátokOOP.csproj", "{EA38AB45-59AE-4FAC-AD0F-A39954BDA176}"
EndProject
Project("{2150E333-8FDC-42A3-9474-1A3956D46DE8}") = "2023.05.19", "2023.05.19", "{013531AE-2FE4-4008-93EF-A4ADECB602DC}"
EndProject
Project("{FAE04EC0-301F-11D3-BF4B-00C04F79EFBC}") = "1. Feladat", "1. Feladat\1. Feladat.csproj", "{BF47F875-DEF2-4581-8219-0D9B55172C27}"
EndProject
Project("{FAE04EC0-301F-11D3-BF4B-00C04F79EFBC}") = "Feladat 2", "Feladat 2\Feladat 2.csproj", "{255E1B95-ADC1-4CAE-B12B-102C85BD775E}"
EndProject
Project("{FAE04EC0-301F-11D3-BF4B-00C04F79EFBC}") = "Feladat 3", "Feladat 3\Feladat 3.csproj", "{DC491A3F-BA30-49CE-A885-473B8742ED5A}"
EndProject
Project("{FAE04EC0-301F-11D3-BF4B-00C04F79EFBC}") = "Feladat 4", "Feladat 4\Feladat 4.csproj", "{58BADA26-9FDB-43DB-AB69-58231233451F}"
EndProject
Project("{FAE04EC0-301F-11D3-BF4B-00C04F79EFBC}") = "Feladat 5", "Feladat 5\Feladat 5.csproj", "{A494985B-0498-4B8D-BB55-CF191951961F}"
EndProject
Project("{FAE04EC0-301F-11D3-BF4B-00C04F79EFBC}") = "Feladat 6", "Feladat 6\Feladat 6.csproj", "{EA7423E8-03AE-4684-AADB-40354193C49E}"
EndProject
Project("{FAE04EC0-301F-11D3-BF4B-00C04F79EFBC}") = "Feladat 7", "Feladat 7\Feladat 7.csproj", "{D4591E7D-05DE-4324-A934-D701A762BDA8}"
EndProject
Project("{FAE04EC0-301F-11D3-BF4B-00C04F79EFBC}") = "Feladat 8", "Feladat 8\Feladat 8.csproj", "{8C0DBF77-162E-4364-ACC8-475BF3C52544}"
EndProject
Project("{FAE04EC0-301F-11D3-BF4B-00C04F79EFBC}") = "Feladat 9", "Feladat 9\Feladat 9.csproj", "{B2CE41BE-28CA-4F3D-BDE6-90F7E3D977EC}"
EndProject
Project("{FAE04EC0-301F-11D3-BF4B-00C04F79EFBC}") = "Feladat 10", "Feladat 10\Feladat 10.csproj", "{14495FB8-372B-4374-9F3F-AE37F5301D51}"
EndProject
Project("{FAE04EC0-301F-11D3-BF4B-00C04F79EFBC}") = "Feladat 11", "Feladat 11\Feladat 11.csproj", "{45A12350-EF34-44A9-807F-69ED903EB21C}"
EndProject
Project("{FAE04EC0-301F-11D3-BF4B-00C04F79EFBC}") = "Feladat 12", "Feladat 12\Feladat 12.csproj", "{AEBEA69A-A710-4098-85CC-57246A3A0E8C}"
EndProject
Project("{FAE04EC0-301F-11D3-BF4B-00C04F79EFBC}") = "Feladat 13", "Feladat 13\Feladat 13.csproj", "{1BC2B221-56AC-4136-A191-005866D1F66B}"
EndProject
Project("{FAE04EC0-301F-11D3-BF4B-00C04F79EFBC}") = "Feladat 14", "Feladat 14\Feladat 14.csproj", "{AB44F2F8-A7F2-4862-8BBC-E1883CAECC5F}"
EndProject
Project("{FAE04EC0-301F-11D3-BF4B-00C04F79EFBC}") = "Feladat 15", "Feladat 15\Feladat 15.csproj", "{F00D6D78-6B70-4331-8898-964F1346E26A}"
EndProject
Project("{FAE04EC0-301F-11D3-BF4B-00C04F79EFBC}") = "Feladat 16", "Feladat 16\Feladat 16.csproj", "{B9057B48-151F-498E-A2EB-17749CC1DB97}"
EndProject
Project("{FAE04EC0-301F-11D3-BF4B-00C04F79EFBC}") = "Feladat 17", "Feladat 17\Feladat 17.csproj", "{07B73B0C-D776-497F-96DA-3B52A7B63CEA}"
EndProject
Project("{FAE04EC0-301F-11D3-BF4B-00C04F79EFBC}") = "Feladat 18", "Feladat 18\Feladat 18.csproj", "{1167D36B-C456-42C8-92AC-72F0AEAF871E}"
EndProject
Project("{FAE04EC0-301F-11D3-BF4B-00C04F79EFBC}") = "Feladat 19", "Feladat 19\Feladat 19.csproj", "{38ECA1BC-EB4D-4FF5-BA19-5244EC030F05}"
EndProject
Project("{FAE04EC0-301F-11D3-BF4B-00C04F79EFBC}") = "Feladat 20", "Feladat 20\Feladat 20.csproj", "{90DACDA8-DDC7-4536-9B03-6D6C6D45E185}"
EndProject
Project("{9A19103F-16F7-4668-BE54-9A1E7A4F7556}") = "Első Forms", "Első Forms\Első Forms.csproj", "{9570E8D8-4915-411F-899C-4419B6CD5003}"
EndProject
Project("{2150E333-8FDC-42A3-9474-1A3956D46DE8}") = "Grafikus", "Grafikus", "{5840A27C-F2B8-4D9E-855F-32B2C548339B}"
EndProject
Project("{9A19103F-16F7-4668-BE54-9A1E7A4F7556}") = "18.1 Feladat", "18.1 Feladat\18.1 Feladat.csproj", "{B70D5C01-55F7-4A2D-A629-51A8E40F6708}"
EndProject
Project("{9A19103F-16F7-4668-BE54-9A1E7A4F7556}") = "18.2 Feladat", "18.2 Feladat\18.2 Feladat.csproj", "{F6A4900B-160A-4834-B0D4-DCC837FCF4D9}"
EndProject
Project("{9A19103F-16F7-4668-BE54-9A1E7A4F7556}") = "18.3 Feladat", "18.3 Feladat\18.3 Feladat.csproj", "{B4517489-F53F-43D0-9DFD-5A1ABD93F5A8}"
EndProject
Project("{9A19103F-16F7-4668-BE54-9A1E7A4F7556}") = "18.4 Feladat", "18.4 Feladat\18.4 Feladat.csproj", "{27795392-417D-4BB1-994B-FAD40B2A3B76}"
EndProject
Project("{FAE04EC0-301F-11D3-BF4B-00C04F79EFBC}") = "18.5 Feladat", "18.5 Feladat\18.5 Feladat.csproj", "{0A40D1F3-9FC4-4093-BD29-232B89393E3C}"
EndProject
Global
	GlobalSection(SolutionConfigurationPlatforms) = preSolution
		Debug|Any CPU = Debug|Any CPU
		Release|Any CPU = Release|Any CPU
	EndGlobalSection
	GlobalSection(ProjectConfigurationPlatforms) = postSolution
		{EF05879F-D54C-4469-9659-309960EC73AB}.Debug|Any CPU.ActiveCfg = Debug|Any CPU
		{EF05879F-D54C-4469-9659-309960EC73AB}.Debug|Any CPU.Build.0 = Debug|Any CPU
		{EF05879F-D54C-4469-9659-309960EC73AB}.Release|Any CPU.ActiveCfg = Release|Any CPU
		{EF05879F-D54C-4469-9659-309960EC73AB}.Release|Any CPU.Build.0 = Release|Any CPU
		{C81EB26B-41FA-4FF1-8BC1-657190DC1F33}.Debug|Any CPU.ActiveCfg = Debug|Any CPU
		{C81EB26B-41FA-4FF1-8BC1-657190DC1F33}.Debug|Any CPU.Build.0 = Debug|Any CPU
		{C81EB26B-41FA-4FF1-8BC1-657190DC1F33}.Release|Any CPU.ActiveCfg = Release|Any CPU
		{C81EB26B-41FA-4FF1-8BC1-657190DC1F33}.Release|Any CPU.Build.0 = Release|Any CPU
		{590AEEDE-AA1E-4534-8515-C47A3F5D3694}.Debug|Any CPU.ActiveCfg = Debug|Any CPU
		{590AEEDE-AA1E-4534-8515-C47A3F5D3694}.Debug|Any CPU.Build.0 = Debug|Any CPU
		{590AEEDE-AA1E-4534-8515-C47A3F5D3694}.Release|Any CPU.ActiveCfg = Release|Any CPU
		{590AEEDE-AA1E-4534-8515-C47A3F5D3694}.Release|Any CPU.Build.0 = Release|Any CPU
		{C7EDAF0D-505E-4D1B-A225-ABC985542756}.Debug|Any CPU.ActiveCfg = Debug|Any CPU
		{C7EDAF0D-505E-4D1B-A225-ABC985542756}.Debug|Any CPU.Build.0 = Debug|Any CPU
		{C7EDAF0D-505E-4D1B-A225-ABC985542756}.Release|Any CPU.ActiveCfg = Release|Any CPU
		{C7EDAF0D-505E-4D1B-A225-ABC985542756}.Release|Any CPU.Build.0 = Release|Any CPU
		{BFE4D478-BB17-4036-9DE5-D67B05398AB9}.Debug|Any CPU.ActiveCfg = Debug|Any CPU
		{BFE4D478-BB17-4036-9DE5-D67B05398AB9}.Debug|Any CPU.Build.0 = Debug|Any CPU
		{BFE4D478-BB17-4036-9DE5-D67B05398AB9}.Release|Any CPU.ActiveCfg = Release|Any CPU
		{BFE4D478-BB17-4036-9DE5-D67B05398AB9}.Release|Any CPU.Build.0 = Release|Any CPU
		{B9BEC14C-D9A3-4DA0-BB62-298E2712F4FD}.Debug|Any CPU.ActiveCfg = Debug|Any CPU
		{B9BEC14C-D9A3-4DA0-BB62-298E2712F4FD}.Debug|Any CPU.Build.0 = Debug|Any CPU
		{B9BEC14C-D9A3-4DA0-BB62-298E2712F4FD}.Release|Any CPU.ActiveCfg = Release|Any CPU
		{B9BEC14C-D9A3-4DA0-BB62-298E2712F4FD}.Release|Any CPU.Build.0 = Release|Any CPU
		{5FDE1A38-AFF2-4C5E-AFEB-3841DD650D5D}.Debug|Any CPU.ActiveCfg = Debug|Any CPU
		{5FDE1A38-AFF2-4C5E-AFEB-3841DD650D5D}.Debug|Any CPU.Build.0 = Debug|Any CPU
		{5FDE1A38-AFF2-4C5E-AFEB-3841DD650D5D}.Release|Any CPU.ActiveCfg = Release|Any CPU
		{5FDE1A38-AFF2-4C5E-AFEB-3841DD650D5D}.Release|Any CPU.Build.0 = Release|Any CPU
		{4E9B57D8-DB21-4DE8-A085-D57A1036D3AD}.Debug|Any CPU.ActiveCfg = Debug|Any CPU
		{4E9B57D8-DB21-4DE8-A085-D57A1036D3AD}.Debug|Any CPU.Build.0 = Debug|Any CPU
		{4E9B57D8-DB21-4DE8-A085-D57A1036D3AD}.Release|Any CPU.ActiveCfg = Release|Any CPU
		{4E9B57D8-DB21-4DE8-A085-D57A1036D3AD}.Release|Any CPU.Build.0 = Release|Any CPU
		{CA5D5676-63F8-41AB-8709-9C0943ECD626}.Debug|Any CPU.ActiveCfg = Debug|Any CPU
		{CA5D5676-63F8-41AB-8709-9C0943ECD626}.Debug|Any CPU.Build.0 = Debug|Any CPU
		{CA5D5676-63F8-41AB-8709-9C0943ECD626}.Release|Any CPU.ActiveCfg = Release|Any CPU
		{CA5D5676-63F8-41AB-8709-9C0943ECD626}.Release|Any CPU.Build.0 = Release|Any CPU
		{7B5176E8-FC2A-4338-BE71-AF141BBC2EC2}.Debug|Any CPU.ActiveCfg = Debug|Any CPU
		{7B5176E8-FC2A-4338-BE71-AF141BBC2EC2}.Debug|Any CPU.Build.0 = Debug|Any CPU
		{7B5176E8-FC2A-4338-BE71-AF141BBC2EC2}.Release|Any CPU.ActiveCfg = Release|Any CPU
		{7B5176E8-FC2A-4338-BE71-AF141BBC2EC2}.Release|Any CPU.Build.0 = Release|Any CPU
		{12C88991-3F41-4DB8-887A-9BF5D1B46CE7}.Debug|Any CPU.ActiveCfg = Debug|Any CPU
		{12C88991-3F41-4DB8-887A-9BF5D1B46CE7}.Debug|Any CPU.Build.0 = Debug|Any CPU
		{12C88991-3F41-4DB8-887A-9BF5D1B46CE7}.Release|Any CPU.ActiveCfg = Release|Any CPU
		{12C88991-3F41-4DB8-887A-9BF5D1B46CE7}.Release|Any CPU.Build.0 = Release|Any CPU
		{5887D2F0-243F-437C-93D3-EED7312136AD}.Debug|Any CPU.ActiveCfg = Debug|Any CPU
		{5887D2F0-243F-437C-93D3-EED7312136AD}.Debug|Any CPU.Build.0 = Debug|Any CPU
		{5887D2F0-243F-437C-93D3-EED7312136AD}.Release|Any CPU.ActiveCfg = Release|Any CPU
		{5887D2F0-243F-437C-93D3-EED7312136AD}.Release|Any CPU.Build.0 = Release|Any CPU
		{5AC74C4E-DFEC-4467-A66D-93DAB9B06764}.Debug|Any CPU.ActiveCfg = Debug|Any CPU
		{5AC74C4E-DFEC-4467-A66D-93DAB9B06764}.Debug|Any CPU.Build.0 = Debug|Any CPU
		{5AC74C4E-DFEC-4467-A66D-93DAB9B06764}.Release|Any CPU.ActiveCfg = Release|Any CPU
		{5AC74C4E-DFEC-4467-A66D-93DAB9B06764}.Release|Any CPU.Build.0 = Release|Any CPU
		{02A14F2C-32E4-4343-A3E1-6A1617C718C4}.Debug|Any CPU.ActiveCfg = Debug|Any CPU
		{02A14F2C-32E4-4343-A3E1-6A1617C718C4}.Debug|Any CPU.Build.0 = Debug|Any CPU
		{02A14F2C-32E4-4343-A3E1-6A1617C718C4}.Release|Any CPU.ActiveCfg = Release|Any CPU
		{02A14F2C-32E4-4343-A3E1-6A1617C718C4}.Release|Any CPU.Build.0 = Release|Any CPU
		{CA60B7A9-2825-4032-A2EE-732D898624DF}.Debug|Any CPU.ActiveCfg = Debug|Any CPU
		{CA60B7A9-2825-4032-A2EE-732D898624DF}.Debug|Any CPU.Build.0 = Debug|Any CPU
		{CA60B7A9-2825-4032-A2EE-732D898624DF}.Release|Any CPU.ActiveCfg = Release|Any CPU
		{CA60B7A9-2825-4032-A2EE-732D898624DF}.Release|Any CPU.Build.0 = Release|Any CPU
		{38C3F84D-53D2-4F27-8622-FFF3D2255923}.Debug|Any CPU.ActiveCfg = Debug|Any CPU
		{38C3F84D-53D2-4F27-8622-FFF3D2255923}.Debug|Any CPU.Build.0 = Debug|Any CPU
		{38C3F84D-53D2-4F27-8622-FFF3D2255923}.Release|Any CPU.ActiveCfg = Release|Any CPU
		{38C3F84D-53D2-4F27-8622-FFF3D2255923}.Release|Any CPU.Build.0 = Release|Any CPU
		{E29CC938-DCDB-4CB6-9AC2-0770F91B270A}.Debug|Any CPU.ActiveCfg = Debug|Any CPU
		{E29CC938-DCDB-4CB6-9AC2-0770F91B270A}.Debug|Any CPU.Build.0 = Debug|Any CPU
		{E29CC938-DCDB-4CB6-9AC2-0770F91B270A}.Release|Any CPU.ActiveCfg = Release|Any CPU
		{E29CC938-DCDB-4CB6-9AC2-0770F91B270A}.Release|Any CPU.Build.0 = Release|Any CPU
		{259AD465-3571-4021-B680-660070FAE2C0}.Debug|Any CPU.ActiveCfg = Debug|Any CPU
		{259AD465-3571-4021-B680-660070FAE2C0}.Debug|Any CPU.Build.0 = Debug|Any CPU
		{259AD465-3571-4021-B680-660070FAE2C0}.Release|Any CPU.ActiveCfg = Release|Any CPU
		{259AD465-3571-4021-B680-660070FAE2C0}.Release|Any CPU.Build.0 = Release|Any CPU
		{4B3CDCFB-3D3D-48FD-A82F-A6F10E2D5F03}.Debug|Any CPU.ActiveCfg = Debug|Any CPU
		{4B3CDCFB-3D3D-48FD-A82F-A6F10E2D5F03}.Debug|Any CPU.Build.0 = Debug|Any CPU
		{4B3CDCFB-3D3D-48FD-A82F-A6F10E2D5F03}.Release|Any CPU.ActiveCfg = Release|Any CPU
		{4B3CDCFB-3D3D-48FD-A82F-A6F10E2D5F03}.Release|Any CPU.Build.0 = Release|Any CPU
		{3C85531A-6A44-4C25-8389-E4DFEB613500}.Debug|Any CPU.ActiveCfg = Debug|Any CPU
		{3C85531A-6A44-4C25-8389-E4DFEB613500}.Debug|Any CPU.Build.0 = Debug|Any CPU
		{3C85531A-6A44-4C25-8389-E4DFEB613500}.Release|Any CPU.ActiveCfg = Release|Any CPU
		{3C85531A-6A44-4C25-8389-E4DFEB613500}.Release|Any CPU.Build.0 = Release|Any CPU
		{2CB25740-49E0-46BC-8F88-09AFA3E79744}.Debug|Any CPU.ActiveCfg = Debug|Any CPU
		{2CB25740-49E0-46BC-8F88-09AFA3E79744}.Debug|Any CPU.Build.0 = Debug|Any CPU
		{2CB25740-49E0-46BC-8F88-09AFA3E79744}.Release|Any CPU.ActiveCfg = Release|Any CPU
		{2CB25740-49E0-46BC-8F88-09AFA3E79744}.Release|Any CPU.Build.0 = Release|Any CPU
		{20E75B9A-9E80-45DB-BF01-8E03BAA271A9}.Debug|Any CPU.ActiveCfg = Debug|Any CPU
		{20E75B9A-9E80-45DB-BF01-8E03BAA271A9}.Debug|Any CPU.Build.0 = Debug|Any CPU
		{20E75B9A-9E80-45DB-BF01-8E03BAA271A9}.Release|Any CPU.ActiveCfg = Release|Any CPU
		{20E75B9A-9E80-45DB-BF01-8E03BAA271A9}.Release|Any CPU.Build.0 = Release|Any CPU
		{42133892-BC0C-4DA5-90C4-35B9C75164EC}.Debug|Any CPU.ActiveCfg = Debug|Any CPU
		{42133892-BC0C-4DA5-90C4-35B9C75164EC}.Debug|Any CPU.Build.0 = Debug|Any CPU
		{42133892-BC0C-4DA5-90C4-35B9C75164EC}.Release|Any CPU.ActiveCfg = Release|Any CPU
		{42133892-BC0C-4DA5-90C4-35B9C75164EC}.Release|Any CPU.Build.0 = Release|Any CPU
		{D17748D6-69E0-427F-A713-93AADC8F4189}.Debug|Any CPU.ActiveCfg = Debug|Any CPU
		{D17748D6-69E0-427F-A713-93AADC8F4189}.Debug|Any CPU.Build.0 = Debug|Any CPU
		{D17748D6-69E0-427F-A713-93AADC8F4189}.Release|Any CPU.ActiveCfg = Release|Any CPU
		{D17748D6-69E0-427F-A713-93AADC8F4189}.Release|Any CPU.Build.0 = Release|Any CPU
		{113E8F87-5B64-4E5B-8668-AC04AAD4EA5E}.Debug|Any CPU.ActiveCfg = Debug|Any CPU
		{113E8F87-5B64-4E5B-8668-AC04AAD4EA5E}.Debug|Any CPU.Build.0 = Debug|Any CPU
		{113E8F87-5B64-4E5B-8668-AC04AAD4EA5E}.Release|Any CPU.ActiveCfg = Release|Any CPU
		{113E8F87-5B64-4E5B-8668-AC04AAD4EA5E}.Release|Any CPU.Build.0 = Release|Any CPU
		{AD59A8B8-1AE2-44D3-A99D-9BBEB9D5DF63}.Debug|Any CPU.ActiveCfg = Debug|Any CPU
		{AD59A8B8-1AE2-44D3-A99D-9BBEB9D5DF63}.Debug|Any CPU.Build.0 = Debug|Any CPU
		{AD59A8B8-1AE2-44D3-A99D-9BBEB9D5DF63}.Release|Any CPU.ActiveCfg = Release|Any CPU
		{AD59A8B8-1AE2-44D3-A99D-9BBEB9D5DF63}.Release|Any CPU.Build.0 = Release|Any CPU
		{91AE3869-073B-4B12-9343-971482003879}.Debug|Any CPU.ActiveCfg = Debug|Any CPU
		{91AE3869-073B-4B12-9343-971482003879}.Debug|Any CPU.Build.0 = Debug|Any CPU
		{91AE3869-073B-4B12-9343-971482003879}.Release|Any CPU.ActiveCfg = Release|Any CPU
		{91AE3869-073B-4B12-9343-971482003879}.Release|Any CPU.Build.0 = Release|Any CPU
		{2B782C30-C263-4EB0-A0DD-D9CC1D9A7840}.Debug|Any CPU.ActiveCfg = Debug|Any CPU
		{2B782C30-C263-4EB0-A0DD-D9CC1D9A7840}.Debug|Any CPU.Build.0 = Debug|Any CPU
		{2B782C30-C263-4EB0-A0DD-D9CC1D9A7840}.Release|Any CPU.ActiveCfg = Release|Any CPU
		{2B782C30-C263-4EB0-A0DD-D9CC1D9A7840}.Release|Any CPU.Build.0 = Release|Any CPU
		{E4B1758F-B3BA-4644-90A1-EBACBB4DAC47}.Debug|Any CPU.ActiveCfg = Debug|Any CPU
		{E4B1758F-B3BA-4644-90A1-EBACBB4DAC47}.Debug|Any CPU.Build.0 = Debug|Any CPU
		{E4B1758F-B3BA-4644-90A1-EBACBB4DAC47}.Release|Any CPU.ActiveCfg = Release|Any CPU
		{E4B1758F-B3BA-4644-90A1-EBACBB4DAC47}.Release|Any CPU.Build.0 = Release|Any CPU
		{7941A84F-EF9A-4195-A0A7-43D4BD3373C3}.Debug|Any CPU.ActiveCfg = Debug|Any CPU
		{7941A84F-EF9A-4195-A0A7-43D4BD3373C3}.Debug|Any CPU.Build.0 = Debug|Any CPU
		{7941A84F-EF9A-4195-A0A7-43D4BD3373C3}.Release|Any CPU.ActiveCfg = Release|Any CPU
		{7941A84F-EF9A-4195-A0A7-43D4BD3373C3}.Release|Any CPU.Build.0 = Release|Any CPU
		{E7237245-5173-46E1-B12D-6F425B3D7163}.Debug|Any CPU.ActiveCfg = Debug|Any CPU
		{E7237245-5173-46E1-B12D-6F425B3D7163}.Debug|Any CPU.Build.0 = Debug|Any CPU
		{E7237245-5173-46E1-B12D-6F425B3D7163}.Release|Any CPU.ActiveCfg = Release|Any CPU
		{E7237245-5173-46E1-B12D-6F425B3D7163}.Release|Any CPU.Build.0 = Release|Any CPU
		{11BB4FDA-C563-4E95-890F-777C18E9CC10}.Debug|Any CPU.ActiveCfg = Debug|Any CPU
		{11BB4FDA-C563-4E95-890F-777C18E9CC10}.Debug|Any CPU.Build.0 = Debug|Any CPU
		{11BB4FDA-C563-4E95-890F-777C18E9CC10}.Release|Any CPU.ActiveCfg = Release|Any CPU
		{11BB4FDA-C563-4E95-890F-777C18E9CC10}.Release|Any CPU.Build.0 = Release|Any CPU
		{AD6C3EB0-6462-414A-AA0B-A4BE478EDD66}.Debug|Any CPU.ActiveCfg = Debug|Any CPU
		{AD6C3EB0-6462-414A-AA0B-A4BE478EDD66}.Debug|Any CPU.Build.0 = Debug|Any CPU
		{AD6C3EB0-6462-414A-AA0B-A4BE478EDD66}.Release|Any CPU.ActiveCfg = Release|Any CPU
		{AD6C3EB0-6462-414A-AA0B-A4BE478EDD66}.Release|Any CPU.Build.0 = Release|Any CPU
		{652B2A2C-C287-4221-9ED5-206BB905B8B8}.Debug|Any CPU.ActiveCfg = Debug|Any CPU
		{652B2A2C-C287-4221-9ED5-206BB905B8B8}.Debug|Any CPU.Build.0 = Debug|Any CPU
		{652B2A2C-C287-4221-9ED5-206BB905B8B8}.Release|Any CPU.ActiveCfg = Release|Any CPU
		{652B2A2C-C287-4221-9ED5-206BB905B8B8}.Release|Any CPU.Build.0 = Release|Any CPU
		{3D2233DC-5175-4737-BBFB-4ADCA45012BE}.Debug|Any CPU.ActiveCfg = Debug|Any CPU
		{3D2233DC-5175-4737-BBFB-4ADCA45012BE}.Debug|Any CPU.Build.0 = Debug|Any CPU
		{3D2233DC-5175-4737-BBFB-4ADCA45012BE}.Release|Any CPU.ActiveCfg = Release|Any CPU
		{3D2233DC-5175-4737-BBFB-4ADCA45012BE}.Release|Any CPU.Build.0 = Release|Any CPU
		{3433E1A2-C892-46DE-9E2A-30F085F44CB8}.Debug|Any CPU.ActiveCfg = Debug|Any CPU
		{3433E1A2-C892-46DE-9E2A-30F085F44CB8}.Debug|Any CPU.Build.0 = Debug|Any CPU
		{3433E1A2-C892-46DE-9E2A-30F085F44CB8}.Release|Any CPU.ActiveCfg = Release|Any CPU
		{3433E1A2-C892-46DE-9E2A-30F085F44CB8}.Release|Any CPU.Build.0 = Release|Any CPU
		{351D24FF-2C92-49C5-AC32-5DAB926A4D47}.Debug|Any CPU.ActiveCfg = Debug|Any CPU
		{351D24FF-2C92-49C5-AC32-5DAB926A4D47}.Debug|Any CPU.Build.0 = Debug|Any CPU
		{351D24FF-2C92-49C5-AC32-5DAB926A4D47}.Release|Any CPU.ActiveCfg = Release|Any CPU
		{351D24FF-2C92-49C5-AC32-5DAB926A4D47}.Release|Any CPU.Build.0 = Release|Any CPU
		{3BECC5DE-5895-4D04-90F0-80A3A718D3D6}.Debug|Any CPU.ActiveCfg = Debug|Any CPU
		{3BECC5DE-5895-4D04-90F0-80A3A718D3D6}.Debug|Any CPU.Build.0 = Debug|Any CPU
		{3BECC5DE-5895-4D04-90F0-80A3A718D3D6}.Release|Any CPU.ActiveCfg = Release|Any CPU
		{3BECC5DE-5895-4D04-90F0-80A3A718D3D6}.Release|Any CPU.Build.0 = Release|Any CPU
		{3F87337B-E26D-428B-A96F-78C99FBE942E}.Debug|Any CPU.ActiveCfg = Debug|Any CPU
		{3F87337B-E26D-428B-A96F-78C99FBE942E}.Debug|Any CPU.Build.0 = Debug|Any CPU
		{3F87337B-E26D-428B-A96F-78C99FBE942E}.Release|Any CPU.ActiveCfg = Release|Any CPU
		{3F87337B-E26D-428B-A96F-78C99FBE942E}.Release|Any CPU.Build.0 = Release|Any CPU
		{A7594670-2E95-485F-8228-BA089F974054}.Debug|Any CPU.ActiveCfg = Debug|Any CPU
		{A7594670-2E95-485F-8228-BA089F974054}.Debug|Any CPU.Build.0 = Debug|Any CPU
		{A7594670-2E95-485F-8228-BA089F974054}.Release|Any CPU.ActiveCfg = Release|Any CPU
		{A7594670-2E95-485F-8228-BA089F974054}.Release|Any CPU.Build.0 = Release|Any CPU
		{001CD664-65C8-4291-AA3F-8F82CB119938}.Debug|Any CPU.ActiveCfg = Debug|Any CPU
		{001CD664-65C8-4291-AA3F-8F82CB119938}.Debug|Any CPU.Build.0 = Debug|Any CPU
		{001CD664-65C8-4291-AA3F-8F82CB119938}.Release|Any CPU.ActiveCfg = Release|Any CPU
		{001CD664-65C8-4291-AA3F-8F82CB119938}.Release|Any CPU.Build.0 = Release|Any CPU
		{5D96DC20-BB64-4403-B190-032E09F28B13}.Debug|Any CPU.ActiveCfg = Debug|Any CPU
		{5D96DC20-BB64-4403-B190-032E09F28B13}.Debug|Any CPU.Build.0 = Debug|Any CPU
		{5D96DC20-BB64-4403-B190-032E09F28B13}.Release|Any CPU.ActiveCfg = Release|Any CPU
		{5D96DC20-BB64-4403-B190-032E09F28B13}.Release|Any CPU.Build.0 = Release|Any CPU
		{768C79FA-E807-40A7-BC2E-E8367843457F}.Debug|Any CPU.ActiveCfg = Debug|Any CPU
		{768C79FA-E807-40A7-BC2E-E8367843457F}.Debug|Any CPU.Build.0 = Debug|Any CPU
		{768C79FA-E807-40A7-BC2E-E8367843457F}.Release|Any CPU.ActiveCfg = Release|Any CPU
		{768C79FA-E807-40A7-BC2E-E8367843457F}.Release|Any CPU.Build.0 = Release|Any CPU
		{42F8B2EE-EE7B-49E9-945B-0A6C338D0A99}.Debug|Any CPU.ActiveCfg = Debug|Any CPU
		{42F8B2EE-EE7B-49E9-945B-0A6C338D0A99}.Debug|Any CPU.Build.0 = Debug|Any CPU
		{42F8B2EE-EE7B-49E9-945B-0A6C338D0A99}.Release|Any CPU.ActiveCfg = Release|Any CPU
		{42F8B2EE-EE7B-49E9-945B-0A6C338D0A99}.Release|Any CPU.Build.0 = Release|Any CPU
		{BEDC660C-1457-47DC-A5C1-ACF75AE8EAD0}.Debug|Any CPU.ActiveCfg = Debug|Any CPU
		{BEDC660C-1457-47DC-A5C1-ACF75AE8EAD0}.Debug|Any CPU.Build.0 = Debug|Any CPU
		{BEDC660C-1457-47DC-A5C1-ACF75AE8EAD0}.Release|Any CPU.ActiveCfg = Release|Any CPU
		{BEDC660C-1457-47DC-A5C1-ACF75AE8EAD0}.Release|Any CPU.Build.0 = Release|Any CPU
		{A05944EF-2BDC-490B-885B-556779CA7262}.Debug|Any CPU.ActiveCfg = Debug|Any CPU
		{A05944EF-2BDC-490B-885B-556779CA7262}.Debug|Any CPU.Build.0 = Debug|Any CPU
		{A05944EF-2BDC-490B-885B-556779CA7262}.Release|Any CPU.ActiveCfg = Release|Any CPU
		{A05944EF-2BDC-490B-885B-556779CA7262}.Release|Any CPU.Build.0 = Release|Any CPU
		{791008EC-0A9C-453C-8486-ECD39D946920}.Debug|Any CPU.ActiveCfg = Debug|Any CPU
		{791008EC-0A9C-453C-8486-ECD39D946920}.Debug|Any CPU.Build.0 = Debug|Any CPU
		{791008EC-0A9C-453C-8486-ECD39D946920}.Release|Any CPU.ActiveCfg = Release|Any CPU
		{791008EC-0A9C-453C-8486-ECD39D946920}.Release|Any CPU.Build.0 = Release|Any CPU
		{BEA6F672-06B6-433D-8E62-3CE921D474EE}.Debug|Any CPU.ActiveCfg = Debug|Any CPU
		{BEA6F672-06B6-433D-8E62-3CE921D474EE}.Debug|Any CPU.Build.0 = Debug|Any CPU
		{BEA6F672-06B6-433D-8E62-3CE921D474EE}.Release|Any CPU.ActiveCfg = Release|Any CPU
		{BEA6F672-06B6-433D-8E62-3CE921D474EE}.Release|Any CPU.Build.0 = Release|Any CPU
		{50F5CA5A-B389-4DB0-B740-02EA2CF03B68}.Debug|Any CPU.ActiveCfg = Debug|Any CPU
		{50F5CA5A-B389-4DB0-B740-02EA2CF03B68}.Debug|Any CPU.Build.0 = Debug|Any CPU
		{50F5CA5A-B389-4DB0-B740-02EA2CF03B68}.Release|Any CPU.ActiveCfg = Release|Any CPU
		{50F5CA5A-B389-4DB0-B740-02EA2CF03B68}.Release|Any CPU.Build.0 = Release|Any CPU
		{7AE19FD0-4EBE-4300-9628-412BE98063DB}.Debug|Any CPU.ActiveCfg = Debug|Any CPU
		{7AE19FD0-4EBE-4300-9628-412BE98063DB}.Debug|Any CPU.Build.0 = Debug|Any CPU
		{7AE19FD0-4EBE-4300-9628-412BE98063DB}.Release|Any CPU.ActiveCfg = Release|Any CPU
		{7AE19FD0-4EBE-4300-9628-412BE98063DB}.Release|Any CPU.Build.0 = Release|Any CPU
		{D399EEF5-F759-41AF-A36D-A748E8BFCBEF}.Debug|Any CPU.ActiveCfg = Debug|Any CPU
		{D399EEF5-F759-41AF-A36D-A748E8BFCBEF}.Debug|Any CPU.Build.0 = Debug|Any CPU
		{D399EEF5-F759-41AF-A36D-A748E8BFCBEF}.Release|Any CPU.ActiveCfg = Release|Any CPU
		{D399EEF5-F759-41AF-A36D-A748E8BFCBEF}.Release|Any CPU.Build.0 = Release|Any CPU
		{C9A5CE47-7BE4-45DD-A0C8-33EFA693DBCB}.Debug|Any CPU.ActiveCfg = Debug|Any CPU
		{C9A5CE47-7BE4-45DD-A0C8-33EFA693DBCB}.Debug|Any CPU.Build.0 = Debug|Any CPU
		{C9A5CE47-7BE4-45DD-A0C8-33EFA693DBCB}.Release|Any CPU.ActiveCfg = Release|Any CPU
		{C9A5CE47-7BE4-45DD-A0C8-33EFA693DBCB}.Release|Any CPU.Build.0 = Release|Any CPU
		{6ACD1756-F9CB-4339-AE13-74D509D15167}.Debug|Any CPU.ActiveCfg = Debug|Any CPU
		{6ACD1756-F9CB-4339-AE13-74D509D15167}.Debug|Any CPU.Build.0 = Debug|Any CPU
		{6ACD1756-F9CB-4339-AE13-74D509D15167}.Release|Any CPU.ActiveCfg = Release|Any CPU
		{6ACD1756-F9CB-4339-AE13-74D509D15167}.Release|Any CPU.Build.0 = Release|Any CPU
		{45B452B0-B508-4AFF-A2B0-BCE5A99CADBB}.Debug|Any CPU.ActiveCfg = Debug|Any CPU
		{45B452B0-B508-4AFF-A2B0-BCE5A99CADBB}.Debug|Any CPU.Build.0 = Debug|Any CPU
		{45B452B0-B508-4AFF-A2B0-BCE5A99CADBB}.Release|Any CPU.ActiveCfg = Release|Any CPU
		{45B452B0-B508-4AFF-A2B0-BCE5A99CADBB}.Release|Any CPU.Build.0 = Release|Any CPU
		{1DF9728E-E9DC-4228-92CE-C30C01762B8C}.Debug|Any CPU.ActiveCfg = Debug|Any CPU
		{1DF9728E-E9DC-4228-92CE-C30C01762B8C}.Debug|Any CPU.Build.0 = Debug|Any CPU
		{1DF9728E-E9DC-4228-92CE-C30C01762B8C}.Release|Any CPU.ActiveCfg = Release|Any CPU
		{1DF9728E-E9DC-4228-92CE-C30C01762B8C}.Release|Any CPU.Build.0 = Release|Any CPU
		{11041E20-C4FB-41FD-9B32-8A5B8F5EE681}.Debug|Any CPU.ActiveCfg = Debug|Any CPU
		{11041E20-C4FB-41FD-9B32-8A5B8F5EE681}.Debug|Any CPU.Build.0 = Debug|Any CPU
		{11041E20-C4FB-41FD-9B32-8A5B8F5EE681}.Release|Any CPU.ActiveCfg = Release|Any CPU
		{11041E20-C4FB-41FD-9B32-8A5B8F5EE681}.Release|Any CPU.Build.0 = Release|Any CPU
		{B10CDC18-FCDB-427C-9EE4-C5DDC4C93E21}.Debug|Any CPU.ActiveCfg = Debug|Any CPU
		{B10CDC18-FCDB-427C-9EE4-C5DDC4C93E21}.Debug|Any CPU.Build.0 = Debug|Any CPU
		{B10CDC18-FCDB-427C-9EE4-C5DDC4C93E21}.Release|Any CPU.ActiveCfg = Release|Any CPU
		{B10CDC18-FCDB-427C-9EE4-C5DDC4C93E21}.Release|Any CPU.Build.0 = Release|Any CPU
		{7C30A40E-CE9C-4954-9972-EC108F40609C}.Debug|Any CPU.ActiveCfg = Debug|Any CPU
		{7C30A40E-CE9C-4954-9972-EC108F40609C}.Debug|Any CPU.Build.0 = Debug|Any CPU
		{7C30A40E-CE9C-4954-9972-EC108F40609C}.Release|Any CPU.ActiveCfg = Release|Any CPU
		{7C30A40E-CE9C-4954-9972-EC108F40609C}.Release|Any CPU.Build.0 = Release|Any CPU
		{8E79771B-3511-49F5-BA63-752FFD429F2A}.Debug|Any CPU.ActiveCfg = Debug|Any CPU
		{8E79771B-3511-49F5-BA63-752FFD429F2A}.Debug|Any CPU.Build.0 = Debug|Any CPU
		{8E79771B-3511-49F5-BA63-752FFD429F2A}.Release|Any CPU.ActiveCfg = Release|Any CPU
		{8E79771B-3511-49F5-BA63-752FFD429F2A}.Release|Any CPU.Build.0 = Release|Any CPU
		{5368728A-E817-40E3-9BD5-FDE88D7F6B96}.Debug|Any CPU.ActiveCfg = Debug|Any CPU
		{5368728A-E817-40E3-9BD5-FDE88D7F6B96}.Debug|Any CPU.Build.0 = Debug|Any CPU
		{5368728A-E817-40E3-9BD5-FDE88D7F6B96}.Release|Any CPU.ActiveCfg = Release|Any CPU
		{5368728A-E817-40E3-9BD5-FDE88D7F6B96}.Release|Any CPU.Build.0 = Release|Any CPU
		{BB911EC4-353F-42A8-9B47-79A1D91C1713}.Debug|Any CPU.ActiveCfg = Debug|Any CPU
		{BB911EC4-353F-42A8-9B47-79A1D91C1713}.Debug|Any CPU.Build.0 = Debug|Any CPU
		{BB911EC4-353F-42A8-9B47-79A1D91C1713}.Release|Any CPU.ActiveCfg = Release|Any CPU
		{BB911EC4-353F-42A8-9B47-79A1D91C1713}.Release|Any CPU.Build.0 = Release|Any CPU
		{EA38AB45-59AE-4FAC-AD0F-A39954BDA176}.Debug|Any CPU.ActiveCfg = Debug|Any CPU
		{EA38AB45-59AE-4FAC-AD0F-A39954BDA176}.Debug|Any CPU.Build.0 = Debug|Any CPU
		{EA38AB45-59AE-4FAC-AD0F-A39954BDA176}.Release|Any CPU.ActiveCfg = Release|Any CPU
		{EA38AB45-59AE-4FAC-AD0F-A39954BDA176}.Release|Any CPU.Build.0 = Release|Any CPU
		{BF47F875-DEF2-4581-8219-0D9B55172C27}.Debug|Any CPU.ActiveCfg = Debug|Any CPU
		{BF47F875-DEF2-4581-8219-0D9B55172C27}.Debug|Any CPU.Build.0 = Debug|Any CPU
		{BF47F875-DEF2-4581-8219-0D9B55172C27}.Release|Any CPU.ActiveCfg = Release|Any CPU
		{BF47F875-DEF2-4581-8219-0D9B55172C27}.Release|Any CPU.Build.0 = Release|Any CPU
		{255E1B95-ADC1-4CAE-B12B-102C85BD775E}.Debug|Any CPU.ActiveCfg = Debug|Any CPU
		{255E1B95-ADC1-4CAE-B12B-102C85BD775E}.Debug|Any CPU.Build.0 = Debug|Any CPU
		{255E1B95-ADC1-4CAE-B12B-102C85BD775E}.Release|Any CPU.ActiveCfg = Release|Any CPU
		{255E1B95-ADC1-4CAE-B12B-102C85BD775E}.Release|Any CPU.Build.0 = Release|Any CPU
		{DC491A3F-BA30-49CE-A885-473B8742ED5A}.Debug|Any CPU.ActiveCfg = Debug|Any CPU
		{DC491A3F-BA30-49CE-A885-473B8742ED5A}.Debug|Any CPU.Build.0 = Debug|Any CPU
		{DC491A3F-BA30-49CE-A885-473B8742ED5A}.Release|Any CPU.ActiveCfg = Release|Any CPU
		{DC491A3F-BA30-49CE-A885-473B8742ED5A}.Release|Any CPU.Build.0 = Release|Any CPU
		{58BADA26-9FDB-43DB-AB69-58231233451F}.Debug|Any CPU.ActiveCfg = Debug|Any CPU
		{58BADA26-9FDB-43DB-AB69-58231233451F}.Debug|Any CPU.Build.0 = Debug|Any CPU
		{58BADA26-9FDB-43DB-AB69-58231233451F}.Release|Any CPU.ActiveCfg = Release|Any CPU
		{58BADA26-9FDB-43DB-AB69-58231233451F}.Release|Any CPU.Build.0 = Release|Any CPU
		{A494985B-0498-4B8D-BB55-CF191951961F}.Debug|Any CPU.ActiveCfg = Debug|Any CPU
		{A494985B-0498-4B8D-BB55-CF191951961F}.Debug|Any CPU.Build.0 = Debug|Any CPU
		{A494985B-0498-4B8D-BB55-CF191951961F}.Release|Any CPU.ActiveCfg = Release|Any CPU
		{A494985B-0498-4B8D-BB55-CF191951961F}.Release|Any CPU.Build.0 = Release|Any CPU
		{EA7423E8-03AE-4684-AADB-40354193C49E}.Debug|Any CPU.ActiveCfg = Debug|Any CPU
		{EA7423E8-03AE-4684-AADB-40354193C49E}.Debug|Any CPU.Build.0 = Debug|Any CPU
		{EA7423E8-03AE-4684-AADB-40354193C49E}.Release|Any CPU.ActiveCfg = Release|Any CPU
		{EA7423E8-03AE-4684-AADB-40354193C49E}.Release|Any CPU.Build.0 = Release|Any CPU
		{D4591E7D-05DE-4324-A934-D701A762BDA8}.Debug|Any CPU.ActiveCfg = Debug|Any CPU
		{D4591E7D-05DE-4324-A934-D701A762BDA8}.Debug|Any CPU.Build.0 = Debug|Any CPU
		{D4591E7D-05DE-4324-A934-D701A762BDA8}.Release|Any CPU.ActiveCfg = Release|Any CPU
		{D4591E7D-05DE-4324-A934-D701A762BDA8}.Release|Any CPU.Build.0 = Release|Any CPU
		{8C0DBF77-162E-4364-ACC8-475BF3C52544}.Debug|Any CPU.ActiveCfg = Debug|Any CPU
		{8C0DBF77-162E-4364-ACC8-475BF3C52544}.Debug|Any CPU.Build.0 = Debug|Any CPU
		{8C0DBF77-162E-4364-ACC8-475BF3C52544}.Release|Any CPU.ActiveCfg = Release|Any CPU
		{8C0DBF77-162E-4364-ACC8-475BF3C52544}.Release|Any CPU.Build.0 = Release|Any CPU
		{B2CE41BE-28CA-4F3D-BDE6-90F7E3D977EC}.Debug|Any CPU.ActiveCfg = Debug|Any CPU
		{B2CE41BE-28CA-4F3D-BDE6-90F7E3D977EC}.Debug|Any CPU.Build.0 = Debug|Any CPU
		{B2CE41BE-28CA-4F3D-BDE6-90F7E3D977EC}.Release|Any CPU.ActiveCfg = Release|Any CPU
		{B2CE41BE-28CA-4F3D-BDE6-90F7E3D977EC}.Release|Any CPU.Build.0 = Release|Any CPU
		{14495FB8-372B-4374-9F3F-AE37F5301D51}.Debug|Any CPU.ActiveCfg = Debug|Any CPU
		{14495FB8-372B-4374-9F3F-AE37F5301D51}.Debug|Any CPU.Build.0 = Debug|Any CPU
		{14495FB8-372B-4374-9F3F-AE37F5301D51}.Release|Any CPU.ActiveCfg = Release|Any CPU
		{14495FB8-372B-4374-9F3F-AE37F5301D51}.Release|Any CPU.Build.0 = Release|Any CPU
		{45A12350-EF34-44A9-807F-69ED903EB21C}.Debug|Any CPU.ActiveCfg = Debug|Any CPU
		{45A12350-EF34-44A9-807F-69ED903EB21C}.Debug|Any CPU.Build.0 = Debug|Any CPU
		{45A12350-EF34-44A9-807F-69ED903EB21C}.Release|Any CPU.ActiveCfg = Release|Any CPU
		{45A12350-EF34-44A9-807F-69ED903EB21C}.Release|Any CPU.Build.0 = Release|Any CPU
		{AEBEA69A-A710-4098-85CC-57246A3A0E8C}.Debug|Any CPU.ActiveCfg = Debug|Any CPU
		{AEBEA69A-A710-4098-85CC-57246A3A0E8C}.Debug|Any CPU.Build.0 = Debug|Any CPU
		{AEBEA69A-A710-4098-85CC-57246A3A0E8C}.Release|Any CPU.ActiveCfg = Release|Any CPU
		{AEBEA69A-A710-4098-85CC-57246A3A0E8C}.Release|Any CPU.Build.0 = Release|Any CPU
		{1BC2B221-56AC-4136-A191-005866D1F66B}.Debug|Any CPU.ActiveCfg = Debug|Any CPU
		{1BC2B221-56AC-4136-A191-005866D1F66B}.Debug|Any CPU.Build.0 = Debug|Any CPU
		{1BC2B221-56AC-4136-A191-005866D1F66B}.Release|Any CPU.ActiveCfg = Release|Any CPU
		{1BC2B221-56AC-4136-A191-005866D1F66B}.Release|Any CPU.Build.0 = Release|Any CPU
		{AB44F2F8-A7F2-4862-8BBC-E1883CAECC5F}.Debug|Any CPU.ActiveCfg = Debug|Any CPU
		{AB44F2F8-A7F2-4862-8BBC-E1883CAECC5F}.Debug|Any CPU.Build.0 = Debug|Any CPU
		{AB44F2F8-A7F2-4862-8BBC-E1883CAECC5F}.Release|Any CPU.ActiveCfg = Release|Any CPU
		{AB44F2F8-A7F2-4862-8BBC-E1883CAECC5F}.Release|Any CPU.Build.0 = Release|Any CPU
		{F00D6D78-6B70-4331-8898-964F1346E26A}.Debug|Any CPU.ActiveCfg = Debug|Any CPU
		{F00D6D78-6B70-4331-8898-964F1346E26A}.Debug|Any CPU.Build.0 = Debug|Any CPU
		{F00D6D78-6B70-4331-8898-964F1346E26A}.Release|Any CPU.ActiveCfg = Release|Any CPU
		{F00D6D78-6B70-4331-8898-964F1346E26A}.Release|Any CPU.Build.0 = Release|Any CPU
		{B9057B48-151F-498E-A2EB-17749CC1DB97}.Debug|Any CPU.ActiveCfg = Debug|Any CPU
		{B9057B48-151F-498E-A2EB-17749CC1DB97}.Debug|Any CPU.Build.0 = Debug|Any CPU
		{B9057B48-151F-498E-A2EB-17749CC1DB97}.Release|Any CPU.ActiveCfg = Release|Any CPU
		{B9057B48-151F-498E-A2EB-17749CC1DB97}.Release|Any CPU.Build.0 = Release|Any CPU
		{07B73B0C-D776-497F-96DA-3B52A7B63CEA}.Debug|Any CPU.ActiveCfg = Debug|Any CPU
		{07B73B0C-D776-497F-96DA-3B52A7B63CEA}.Debug|Any CPU.Build.0 = Debug|Any CPU
		{07B73B0C-D776-497F-96DA-3B52A7B63CEA}.Release|Any CPU.ActiveCfg = Release|Any CPU
		{07B73B0C-D776-497F-96DA-3B52A7B63CEA}.Release|Any CPU.Build.0 = Release|Any CPU
		{1167D36B-C456-42C8-92AC-72F0AEAF871E}.Debug|Any CPU.ActiveCfg = Debug|Any CPU
		{1167D36B-C456-42C8-92AC-72F0AEAF871E}.Debug|Any CPU.Build.0 = Debug|Any CPU
		{1167D36B-C456-42C8-92AC-72F0AEAF871E}.Release|Any CPU.ActiveCfg = Release|Any CPU
		{1167D36B-C456-42C8-92AC-72F0AEAF871E}.Release|Any CPU.Build.0 = Release|Any CPU
		{38ECA1BC-EB4D-4FF5-BA19-5244EC030F05}.Debug|Any CPU.ActiveCfg = Debug|Any CPU
		{38ECA1BC-EB4D-4FF5-BA19-5244EC030F05}.Debug|Any CPU.Build.0 = Debug|Any CPU
		{38ECA1BC-EB4D-4FF5-BA19-5244EC030F05}.Release|Any CPU.ActiveCfg = Release|Any CPU
		{38ECA1BC-EB4D-4FF5-BA19-5244EC030F05}.Release|Any CPU.Build.0 = Release|Any CPU
		{90DACDA8-DDC7-4536-9B03-6D6C6D45E185}.Debug|Any CPU.ActiveCfg = Debug|Any CPU
		{90DACDA8-DDC7-4536-9B03-6D6C6D45E185}.Debug|Any CPU.Build.0 = Debug|Any CPU
		{90DACDA8-DDC7-4536-9B03-6D6C6D45E185}.Release|Any CPU.ActiveCfg = Release|Any CPU
		{90DACDA8-DDC7-4536-9B03-6D6C6D45E185}.Release|Any CPU.Build.0 = Release|Any CPU
		{9570E8D8-4915-411F-899C-4419B6CD5003}.Debug|Any CPU.ActiveCfg = Debug|Any CPU
		{9570E8D8-4915-411F-899C-4419B6CD5003}.Debug|Any CPU.Build.0 = Debug|Any CPU
		{9570E8D8-4915-411F-899C-4419B6CD5003}.Release|Any CPU.ActiveCfg = Release|Any CPU
		{9570E8D8-4915-411F-899C-4419B6CD5003}.Release|Any CPU.Build.0 = Release|Any CPU
		{B70D5C01-55F7-4A2D-A629-51A8E40F6708}.Debug|Any CPU.ActiveCfg = Debug|Any CPU
		{B70D5C01-55F7-4A2D-A629-51A8E40F6708}.Debug|Any CPU.Build.0 = Debug|Any CPU
		{B70D5C01-55F7-4A2D-A629-51A8E40F6708}.Release|Any CPU.ActiveCfg = Release|Any CPU
		{B70D5C01-55F7-4A2D-A629-51A8E40F6708}.Release|Any CPU.Build.0 = Release|Any CPU
		{F6A4900B-160A-4834-B0D4-DCC837FCF4D9}.Debug|Any CPU.ActiveCfg = Debug|Any CPU
		{F6A4900B-160A-4834-B0D4-DCC837FCF4D9}.Debug|Any CPU.Build.0 = Debug|Any CPU
		{F6A4900B-160A-4834-B0D4-DCC837FCF4D9}.Release|Any CPU.ActiveCfg = Release|Any CPU
		{F6A4900B-160A-4834-B0D4-DCC837FCF4D9}.Release|Any CPU.Build.0 = Release|Any CPU
		{B4517489-F53F-43D0-9DFD-5A1ABD93F5A8}.Debug|Any CPU.ActiveCfg = Debug|Any CPU
		{B4517489-F53F-43D0-9DFD-5A1ABD93F5A8}.Debug|Any CPU.Build.0 = Debug|Any CPU
		{B4517489-F53F-43D0-9DFD-5A1ABD93F5A8}.Release|Any CPU.ActiveCfg = Release|Any CPU
		{B4517489-F53F-43D0-9DFD-5A1ABD93F5A8}.Release|Any CPU.Build.0 = Release|Any CPU
		{27795392-417D-4BB1-994B-FAD40B2A3B76}.Debug|Any CPU.ActiveCfg = Debug|Any CPU
		{27795392-417D-4BB1-994B-FAD40B2A3B76}.Debug|Any CPU.Build.0 = Debug|Any CPU
		{27795392-417D-4BB1-994B-FAD40B2A3B76}.Release|Any CPU.ActiveCfg = Release|Any CPU
		{27795392-417D-4BB1-994B-FAD40B2A3B76}.Release|Any CPU.Build.0 = Release|Any CPU
		{0A40D1F3-9FC4-4093-BD29-232B89393E3C}.Debug|Any CPU.ActiveCfg = Debug|Any CPU
		{0A40D1F3-9FC4-4093-BD29-232B89393E3C}.Debug|Any CPU.Build.0 = Debug|Any CPU
		{0A40D1F3-9FC4-4093-BD29-232B89393E3C}.Release|Any CPU.ActiveCfg = Release|Any CPU
		{0A40D1F3-9FC4-4093-BD29-232B89393E3C}.Release|Any CPU.Build.0 = Release|Any CPU
	EndGlobalSection
	GlobalSection(SolutionProperties) = preSolution
		HideSolutionNode = FALSE
	EndGlobalSection
	GlobalSection(NestedProjects) = preSolution
		{B9BEC14C-D9A3-4DA0-BB62-298E2712F4FD} = {81F1E53C-DF19-48A6-8942-4518789BA79C}
		{4E9B57D8-DB21-4DE8-A085-D57A1036D3AD} = {81F1E53C-DF19-48A6-8942-4518789BA79C}
		{CA5D5676-63F8-41AB-8709-9C0943ECD626} = {81F1E53C-DF19-48A6-8942-4518789BA79C}
		{7B5176E8-FC2A-4338-BE71-AF141BBC2EC2} = {81F1E53C-DF19-48A6-8942-4518789BA79C}
		{12C88991-3F41-4DB8-887A-9BF5D1B46CE7} = {81F1E53C-DF19-48A6-8942-4518789BA79C}
		{5887D2F0-243F-437C-93D3-EED7312136AD} = {81F1E53C-DF19-48A6-8942-4518789BA79C}
		{5AC74C4E-DFEC-4467-A66D-93DAB9B06764} = {81F1E53C-DF19-48A6-8942-4518789BA79C}
		{02A14F2C-32E4-4343-A3E1-6A1617C718C4} = {81F1E53C-DF19-48A6-8942-4518789BA79C}
		{3C85531A-6A44-4C25-8389-E4DFEB613500} = {4215D2D9-92C5-416B-A1AB-ECDB3B9B3801}
		{2CB25740-49E0-46BC-8F88-09AFA3E79744} = {4215D2D9-92C5-416B-A1AB-ECDB3B9B3801}
		{20E75B9A-9E80-45DB-BF01-8E03BAA271A9} = {4215D2D9-92C5-416B-A1AB-ECDB3B9B3801}
		{42133892-BC0C-4DA5-90C4-35B9C75164EC} = {4215D2D9-92C5-416B-A1AB-ECDB3B9B3801}
		{91AE3869-073B-4B12-9343-971482003879} = {5F9C09FE-3D5F-4952-8831-995F27991CAD}
		{E7237245-5173-46E1-B12D-6F425B3D7163} = {47E9CAA9-E19E-4FCC-A20F-97E339F708FF}
		{11BB4FDA-C563-4E95-890F-777C18E9CC10} = {8CD6197D-5C1D-419E-B907-D192EAB7733D}
		{AD6C3EB0-6462-414A-AA0B-A4BE478EDD66} = {47E9CAA9-E19E-4FCC-A20F-97E339F708FF}
		{652B2A2C-C287-4221-9ED5-206BB905B8B8} = {8CD6197D-5C1D-419E-B907-D192EAB7733D}
		{3D2233DC-5175-4737-BBFB-4ADCA45012BE} = {47E9CAA9-E19E-4FCC-A20F-97E339F708FF}
		{3433E1A2-C892-46DE-9E2A-30F085F44CB8} = {8CD6197D-5C1D-419E-B907-D192EAB7733D}
		{351D24FF-2C92-49C5-AC32-5DAB926A4D47} = {8CD6197D-5C1D-419E-B907-D192EAB7733D}
		{3BECC5DE-5895-4D04-90F0-80A3A718D3D6} = {8CD6197D-5C1D-419E-B907-D192EAB7733D}
		{3F87337B-E26D-428B-A96F-78C99FBE942E} = {47E9CAA9-E19E-4FCC-A20F-97E339F708FF}
		{A7594670-2E95-485F-8228-BA089F974054} = {8CD6197D-5C1D-419E-B907-D192EAB7733D}
		{001CD664-65C8-4291-AA3F-8F82CB119938} = {8CD6197D-5C1D-419E-B907-D192EAB7733D}
		{5D96DC20-BB64-4403-B190-032E09F28B13} = {5F9C09FE-3D5F-4952-8831-995F27991CAD}
		{768C79FA-E807-40A7-BC2E-E8367843457F} = {8CD6197D-5C1D-419E-B907-D192EAB7733D}
		{42F8B2EE-EE7B-49E9-945B-0A6C338D0A99} = {8CD6197D-5C1D-419E-B907-D192EAB7733D}
		{BEDC660C-1457-47DC-A5C1-ACF75AE8EAD0} = {8CD6197D-5C1D-419E-B907-D192EAB7733D}
		{A05944EF-2BDC-490B-885B-556779CA7262} = {8CD6197D-5C1D-419E-B907-D192EAB7733D}
		{791008EC-0A9C-453C-8486-ECD39D946920} = {8CD6197D-5C1D-419E-B907-D192EAB7733D}
		{BEA6F672-06B6-433D-8E62-3CE921D474EE} = {8CD6197D-5C1D-419E-B907-D192EAB7733D}
		{50F5CA5A-B389-4DB0-B740-02EA2CF03B68} = {0A15347E-CAE8-41CB-A063-1A30D1952B90}
		{7AE19FD0-4EBE-4300-9628-412BE98063DB} = {0A15347E-CAE8-41CB-A063-1A30D1952B90}
		{D399EEF5-F759-41AF-A36D-A748E8BFCBEF} = {0A15347E-CAE8-41CB-A063-1A30D1952B90}
		{C9A5CE47-7BE4-45DD-A0C8-33EFA693DBCB} = {0A15347E-CAE8-41CB-A063-1A30D1952B90}
		{6ACD1756-F9CB-4339-AE13-74D509D15167} = {0A15347E-CAE8-41CB-A063-1A30D1952B90}
		{45B452B0-B508-4AFF-A2B0-BCE5A99CADBB} = {8CD6197D-5C1D-419E-B907-D192EAB7733D}
		{1DF9728E-E9DC-4228-92CE-C30C01762B8C} = {8CD6197D-5C1D-419E-B907-D192EAB7733D}
		{B10CDC18-FCDB-427C-9EE4-C5DDC4C93E21} = {5F9C09FE-3D5F-4952-8831-995F27991CAD}
		{8E79771B-3511-49F5-BA63-752FFD429F2A} = {47E9CAA9-E19E-4FCC-A20F-97E339F708FF}
		{5368728A-E817-40E3-9BD5-FDE88D7F6B96} = {5F9C09FE-3D5F-4952-8831-995F27991CAD}
		{BB911EC4-353F-42A8-9B47-79A1D91C1713} = {47E9CAA9-E19E-4FCC-A20F-97E339F708FF}
		{EA38AB45-59AE-4FAC-AD0F-A39954BDA176} = {8CD6197D-5C1D-419E-B907-D192EAB7733D}
		{013531AE-2FE4-4008-93EF-A4ADECB602DC} = {47E9CAA9-E19E-4FCC-A20F-97E339F708FF}
		{BF47F875-DEF2-4581-8219-0D9B55172C27} = {013531AE-2FE4-4008-93EF-A4ADECB602DC}
		{255E1B95-ADC1-4CAE-B12B-102C85BD775E} = {013531AE-2FE4-4008-93EF-A4ADECB602DC}
		{DC491A3F-BA30-49CE-A885-473B8742ED5A} = {013531AE-2FE4-4008-93EF-A4ADECB602DC}
		{58BADA26-9FDB-43DB-AB69-58231233451F} = {013531AE-2FE4-4008-93EF-A4ADECB602DC}
		{A494985B-0498-4B8D-BB55-CF191951961F} = {013531AE-2FE4-4008-93EF-A4ADECB602DC}
		{EA7423E8-03AE-4684-AADB-40354193C49E} = {013531AE-2FE4-4008-93EF-A4ADECB602DC}
		{D4591E7D-05DE-4324-A934-D701A762BDA8} = {013531AE-2FE4-4008-93EF-A4ADECB602DC}
		{8C0DBF77-162E-4364-ACC8-475BF3C52544} = {013531AE-2FE4-4008-93EF-A4ADECB602DC}
		{B2CE41BE-28CA-4F3D-BDE6-90F7E3D977EC} = {013531AE-2FE4-4008-93EF-A4ADECB602DC}
		{14495FB8-372B-4374-9F3F-AE37F5301D51} = {013531AE-2FE4-4008-93EF-A4ADECB602DC}
		{45A12350-EF34-44A9-807F-69ED903EB21C} = {013531AE-2FE4-4008-93EF-A4ADECB602DC}
		{AEBEA69A-A710-4098-85CC-57246A3A0E8C} = {013531AE-2FE4-4008-93EF-A4ADECB602DC}
		{1BC2B221-56AC-4136-A191-005866D1F66B} = {013531AE-2FE4-4008-93EF-A4ADECB602DC}
		{AB44F2F8-A7F2-4862-8BBC-E1883CAECC5F} = {013531AE-2FE4-4008-93EF-A4ADECB602DC}
		{F00D6D78-6B70-4331-8898-964F1346E26A} = {013531AE-2FE4-4008-93EF-A4ADECB602DC}
		{B9057B48-151F-498E-A2EB-17749CC1DB97} = {013531AE-2FE4-4008-93EF-A4ADECB602DC}
		{07B73B0C-D776-497F-96DA-3B52A7B63CEA} = {013531AE-2FE4-4008-93EF-A4ADECB602DC}
		{1167D36B-C456-42C8-92AC-72F0AEAF871E} = {013531AE-2FE4-4008-93EF-A4ADECB602DC}
		{38ECA1BC-EB4D-4FF5-BA19-5244EC030F05} = {013531AE-2FE4-4008-93EF-A4ADECB602DC}
		{90DACDA8-DDC7-4536-9B03-6D6C6D45E185} = {013531AE-2FE4-4008-93EF-A4ADECB602DC}
		{9570E8D8-4915-411F-899C-4419B6CD5003} = {5840A27C-F2B8-4D9E-855F-32B2C548339B}
		{B70D5C01-55F7-4A2D-A629-51A8E40F6708} = {5840A27C-F2B8-4D9E-855F-32B2C548339B}
		{F6A4900B-160A-4834-B0D4-DCC837FCF4D9} = {5840A27C-F2B8-4D9E-855F-32B2C548339B}
		{B4517489-F53F-43D0-9DFD-5A1ABD93F5A8} = {5840A27C-F2B8-4D9E-855F-32B2C548339B}
		{27795392-417D-4BB1-994B-FAD40B2A3B76} = {5840A27C-F2B8-4D9E-855F-32B2C548339B}
		{0A40D1F3-9FC4-4093-BD29-232B89393E3C} = {5840A27C-F2B8-4D9E-855F-32B2C548339B}
	EndGlobalSection
	GlobalSection(ExtensibilityGlobals) = postSolution
		SolutionGuid = {CD769E67-24CC-4CF3-B68E-61E7CA597295}
	EndGlobalSection
EndGlobal
