
Microsoft Visual Studio Solution File, Format Version 12.00
# Visual Studio Version 17
VisualStudioVersion = 17.3.32922.545
MinimumVisualStudioVersion = 10.0.40219.1
Project("{FAE04EC0-301F-11D3-BF4B-00C04F79EFBC}") = "Hello", "test\Hello.csproj", "{EF05879F-D54C-4469-9659-309960EC73AB}"
EndProject
Project("{FAE04EC0-301F-11D3-BF4B-00C04F79EFBC}") = "Animal", "Animal\Animal.csproj", "{C81EB26B-41FA-4FF1-8BC1-657190DC1F33}"
EndProject
Project("{FAE04EC0-301F-11D3-BF4B-00C04F79EFBC}") = "PrePost", "PrePost\PrePost.csproj", "{590AEEDE-AA1E-4534-8515-C47A3F5D3694}"
EndProject
Project("{FAE04EC0-301F-11D3-BF4B-00C04F79EFBC}") = "Runparam", "Runparam\Runparam.csproj", "{C7EDAF0D-505E-4D1B-A225-ABC985542756}"
EndProject
Project("{FAE04EC0-301F-11D3-BF4B-00C04F79EFBC}") = "Kő Papír Olló", "Tesztelések\Kő Papír Olló.csproj", "{BFE4D478-BB17-4036-9DE5-D67B05398AB9}"
EndProject
Project("{FAE04EC0-301F-11D3-BF4B-00C04F79EFBC}") = "3. Feladat", "3. Feladat\3. Feladat.csproj", "{B9BEC14C-D9A3-4DA0-BB62-298E2712F4FD}"
EndProject
Project("{FAE04EC0-301F-11D3-BF4B-00C04F79EFBC}") = "Kő-Papír-Olló 2", "Kő-Papír-Olló 2\Kő-Papír-Olló 2.csproj", "{5FDE1A38-AFF2-4C5E-AFEB-3841DD650D5D}"
EndProject
Project("{FAE04EC0-301F-11D3-BF4B-00C04F79EFBC}") = "17. Feladat", "17. Feladat\17. Feladat.csproj", "{4E9B57D8-DB21-4DE8-A085-D57A1036D3AD}"
EndProject
Project("{FAE04EC0-301F-11D3-BF4B-00C04F79EFBC}") = "18. Feladat", "18. Feladat\18. Feladat.csproj", "{CA5D5676-63F8-41AB-8709-9C0943ECD626}"
EndProject
Project("{FAE04EC0-301F-11D3-BF4B-00C04F79EFBC}") = "10. Feladat", "10. Feladat\10. Feladat.csproj", "{7B5176E8-FC2A-4338-BE71-AF141BBC2EC2}"
EndProject
Project("{FAE04EC0-301F-11D3-BF4B-00C04F79EFBC}") = "11. Feladat", "11. Feladat\11. Feladat.csproj", "{12C88991-3F41-4DB8-887A-9BF5D1B46CE7}"
EndProject
Project("{FAE04EC0-301F-11D3-BF4B-00C04F79EFBC}") = "12. Feladat", "12. Feladat\12. Feladat.csproj", "{5887D2F0-243F-437C-93D3-EED7312136AD}"
EndProject
Project("{FAE04EC0-301F-11D3-BF4B-00C04F79EFBC}") = "13. Feladat", "13. Feladat\13. Feladat.csproj", "{5AC74C4E-DFEC-4467-A66D-93DAB9B06764}"
EndProject
Project("{FAE04EC0-301F-11D3-BF4B-00C04F79EFBC}") = "14. Feladat", "14. Feladat\14. Feladat.csproj", "{02A14F2C-32E4-4343-A3E1-6A1617C718C4}"
EndProject
Project("{FAE04EC0-301F-11D3-BF4B-00C04F79EFBC}") = "Teszt", "Teszt\Teszt.csproj", "{CA60B7A9-2825-4032-A2EE-732D898624DF}"
EndProject
Project("{FAE04EC0-301F-11D3-BF4B-00C04F79EFBC}") = "PercekOrak", "PercekOrak\PercekOrak.csproj", "{38C3F84D-53D2-4F27-8622-FFF3D2255923}"
EndProject
Project("{FAE04EC0-301F-11D3-BF4B-00C04F79EFBC}") = "Tomb01", "Tomb01\Tomb01.csproj", "{E29CC938-DCDB-4CB6-9AC2-0770F91B270A}"
EndProject
Project("{FAE04EC0-301F-11D3-BF4B-00C04F79EFBC}") = "Matrix", "Matrix\Matrix.csproj", "{DF0B4E41-4669-42E0-8886-1113AB20B8C9}"
EndProject
Project("{FAE04EC0-301F-11D3-BF4B-00C04F79EFBC}") = "String Demo", "String Demo\String Demo.csproj", "{259AD465-3571-4021-B680-660070FAE2C0}"
EndProject
Project("{FAE04EC0-301F-11D3-BF4B-00C04F79EFBC}") = "String  Metods", "String  Metods\String  Metods.csproj", "{4B3CDCFB-3D3D-48FD-A82F-A6F10E2D5F03}"
EndProject
Project("{2150E333-8FDC-42A3-9474-1A3956D46DE8}") = "1. Feladat", "1. Feladat", "{81F1E53C-DF19-48A6-8942-4518789BA79C}"
EndProject
Project("{2150E333-8FDC-42A3-9474-1A3956D46DE8}") = "2. Feladat", "2. Feladat", "{4215D2D9-92C5-416B-A1AB-ECDB3B9B3801}"
EndProject
Project("{FAE04EC0-301F-11D3-BF4B-00C04F79EFBC}") = "Minimum-Maximum", "Minimum-Maximum\Minimum-Maximum.csproj", "{3C85531A-6A44-4C25-8389-E4DFEB613500}"
EndProject
Project("{FAE04EC0-301F-11D3-BF4B-00C04F79EFBC}") = "Szigetek", "Szigetek\Szigetek.csproj", "{2CB25740-49E0-46BC-8F88-09AFA3E79744}"
EndProject
Project("{FAE04EC0-301F-11D3-BF4B-00C04F79EFBC}") = "Átlaghőmérséklet", "Átlaghőmérséklet\Átlaghőmérséklet.csproj", "{20E75B9A-9E80-45DB-BF01-8E03BAA271A9}"
EndProject
Project("{FAE04EC0-301F-11D3-BF4B-00C04F79EFBC}") = "Buborékrendezés", "Buborékrendezés\Buborékrendezés.csproj", "{42133892-BC0C-4DA5-90C4-35B9C75164EC}"
EndProject
Project("{FAE04EC0-301F-11D3-BF4B-00C04F79EFBC}") = "Osztály", "Osztály\Osztály.csproj", "{D17748D6-69E0-427F-A713-93AADC8F4189}"
EndProject
Project("{FAE04EC0-301F-11D3-BF4B-00C04F79EFBC}") = "Polimorf", "Polimorf\Polimorf.csproj", "{113E8F87-5B64-4E5B-8668-AC04AAD4EA5E}"
EndProject
Project("{FAE04EC0-301F-11D3-BF4B-00C04F79EFBC}") = "Osztály gyakorlás", "Osztály gyakorlás\Osztály gyakorlás.csproj", "{AD59A8B8-1AE2-44D3-A99D-9BBEB9D5DF63}"
EndProject
Project("{FAE04EC0-301F-11D3-BF4B-00C04F79EFBC}") = "Buborékrendezés gyakorlás", "Buborékrendezés gyakorlás\Buborékrendezés gyakorlás.csproj", "{91AE3869-073B-4B12-9343-971482003879}"
EndProject
Project("{FAE04EC0-301F-11D3-BF4B-00C04F79EFBC}") = "Négyszög", "Négyszög\Négyszög.csproj", "{2B782C30-C263-4EB0-A0DD-D9CC1D9A7840}"
EndProject
Project("{FAE04EC0-301F-11D3-BF4B-00C04F79EFBC}") = "Kör (osztály)", "Kör (osztály)\Kör (osztály).csproj", "{E4B1758F-B3BA-4644-90A1-EBACBB4DAC47}"
EndProject
Project("{FAE04EC0-301F-11D3-BF4B-00C04F79EFBC}") = "Hasáb", "Hasáb\Hasáb.csproj", "{7941A84F-EF9A-4195-A0A7-43D4BD3373C3}"
EndProject
Project("{FAE04EC0-301F-11D3-BF4B-00C04F79EFBC}") = "Akasztófa", "Akasztófa\Akasztófa.csproj", "{E7237245-5173-46E1-B12D-6F425B3D7163}"
EndProject
Project("{FAE04EC0-301F-11D3-BF4B-00C04F79EFBC}") = "Háromszög", "Háromszög\Háromszög.csproj", "{11BB4FDA-C563-4E95-890F-777C18E9CC10}"
EndProject
Project("{FAE04EC0-301F-11D3-BF4B-00C04F79EFBC}") = "Tombos", "Tombos\Tombos.csproj", "{AD6C3EB0-6462-414A-AA0B-A4BE478EDD66}"
EndProject
Project("{FAE04EC0-301F-11D3-BF4B-00C04F79EFBC}") = "HofokOOP", "HofokOOP\HofokOOP.csproj", "{652B2A2C-C287-4221-9ED5-206BB905B8B8}"
EndProject
Project("{FAE04EC0-301F-11D3-BF4B-00C04F79EFBC}") = "Fej vagy írás", "Fej vagy írás\Fej vagy írás.csproj", "{3D2233DC-5175-4737-BBFB-4ADCA45012BE}"
EndProject
Project("{FAE04EC0-301F-11D3-BF4B-00C04F79EFBC}") = "Testtömegindex", "Testtömegindex\Testtömegindex.csproj", "{3433E1A2-C892-46DE-9E2A-30F085F44CB8}"
EndProject
Project("{FAE04EC0-301F-11D3-BF4B-00C04F79EFBC}") = "Halmazállapot", "Halmazállapot\Halmazállapot.csproj", "{351D24FF-2C92-49C5-AC32-5DAB926A4D47}"
EndProject
Project("{FAE04EC0-301F-11D3-BF4B-00C04F79EFBC}") = "Pontok távolsága", "Pontok távolsága\Pontok távolsága.csproj", "{3BECC5DE-5895-4D04-90F0-80A3A718D3D6}"
EndProject
Global
	GlobalSection(SolutionConfigurationPlatforms) = preSolution
		Debug|Any CPU = Debug|Any CPU
		Release|Any CPU = Release|Any CPU
	EndGlobalSection
	GlobalSection(ProjectConfigurationPlatforms) = postSolution
		{EF05879F-D54C-4469-9659-309960EC73AB}.Debug|Any CPU.ActiveCfg = Debug|Any CPU
		{EF05879F-D54C-4469-9659-309960EC73AB}.Debug|Any CPU.Build.0 = Debug|Any CPU
		{EF05879F-D54C-4469-9659-309960EC73AB}.Release|Any CPU.ActiveCfg = Release|Any CPU
		{EF05879F-D54C-4469-9659-309960EC73AB}.Release|Any CPU.Build.0 = Release|Any CPU
		{C81EB26B-41FA-4FF1-8BC1-657190DC1F33}.Debug|Any CPU.ActiveCfg = Debug|Any CPU
		{C81EB26B-41FA-4FF1-8BC1-657190DC1F33}.Debug|Any CPU.Build.0 = Debug|Any CPU
		{C81EB26B-41FA-4FF1-8BC1-657190DC1F33}.Release|Any CPU.ActiveCfg = Release|Any CPU
		{C81EB26B-41FA-4FF1-8BC1-657190DC1F33}.Release|Any CPU.Build.0 = Release|Any CPU
		{590AEEDE-AA1E-4534-8515-C47A3F5D3694}.Debug|Any CPU.ActiveCfg = Debug|Any CPU
		{590AEEDE-AA1E-4534-8515-C47A3F5D3694}.Debug|Any CPU.Build.0 = Debug|Any CPU
		{590AEEDE-AA1E-4534-8515-C47A3F5D3694}.Release|Any CPU.ActiveCfg = Release|Any CPU
		{590AEEDE-AA1E-4534-8515-C47A3F5D3694}.Release|Any CPU.Build.0 = Release|Any CPU
		{C7EDAF0D-505E-4D1B-A225-ABC985542756}.Debug|Any CPU.ActiveCfg = Debug|Any CPU
		{C7EDAF0D-505E-4D1B-A225-ABC985542756}.Debug|Any CPU.Build.0 = Debug|Any CPU
		{C7EDAF0D-505E-4D1B-A225-ABC985542756}.Release|Any CPU.ActiveCfg = Release|Any CPU
		{C7EDAF0D-505E-4D1B-A225-ABC985542756}.Release|Any CPU.Build.0 = Release|Any CPU
		{BFE4D478-BB17-4036-9DE5-D67B05398AB9}.Debug|Any CPU.ActiveCfg = Debug|Any CPU
		{BFE4D478-BB17-4036-9DE5-D67B05398AB9}.Debug|Any CPU.Build.0 = Debug|Any CPU
		{BFE4D478-BB17-4036-9DE5-D67B05398AB9}.Release|Any CPU.ActiveCfg = Release|Any CPU
		{BFE4D478-BB17-4036-9DE5-D67B05398AB9}.Release|Any CPU.Build.0 = Release|Any CPU
		{B9BEC14C-D9A3-4DA0-BB62-298E2712F4FD}.Debug|Any CPU.ActiveCfg = Debug|Any CPU
		{B9BEC14C-D9A3-4DA0-BB62-298E2712F4FD}.Debug|Any CPU.Build.0 = Debug|Any CPU
		{B9BEC14C-D9A3-4DA0-BB62-298E2712F4FD}.Release|Any CPU.ActiveCfg = Release|Any CPU
		{B9BEC14C-D9A3-4DA0-BB62-298E2712F4FD}.Release|Any CPU.Build.0 = Release|Any CPU
		{5FDE1A38-AFF2-4C5E-AFEB-3841DD650D5D}.Debug|Any CPU.ActiveCfg = Debug|Any CPU
		{5FDE1A38-AFF2-4C5E-AFEB-3841DD650D5D}.Debug|Any CPU.Build.0 = Debug|Any CPU
		{5FDE1A38-AFF2-4C5E-AFEB-3841DD650D5D}.Release|Any CPU.ActiveCfg = Release|Any CPU
		{5FDE1A38-AFF2-4C5E-AFEB-3841DD650D5D}.Release|Any CPU.Build.0 = Release|Any CPU
		{4E9B57D8-DB21-4DE8-A085-D57A1036D3AD}.Debug|Any CPU.ActiveCfg = Debug|Any CPU
		{4E9B57D8-DB21-4DE8-A085-D57A1036D3AD}.Debug|Any CPU.Build.0 = Debug|Any CPU
		{4E9B57D8-DB21-4DE8-A085-D57A1036D3AD}.Release|Any CPU.ActiveCfg = Release|Any CPU
		{4E9B57D8-DB21-4DE8-A085-D57A1036D3AD}.Release|Any CPU.Build.0 = Release|Any CPU
		{CA5D5676-63F8-41AB-8709-9C0943ECD626}.Debug|Any CPU.ActiveCfg = Debug|Any CPU
		{CA5D5676-63F8-41AB-8709-9C0943ECD626}.Debug|Any CPU.Build.0 = Debug|Any CPU
		{CA5D5676-63F8-41AB-8709-9C0943ECD626}.Release|Any CPU.ActiveCfg = Release|Any CPU
		{CA5D5676-63F8-41AB-8709-9C0943ECD626}.Release|Any CPU.Build.0 = Release|Any CPU
		{7B5176E8-FC2A-4338-BE71-AF141BBC2EC2}.Debug|Any CPU.ActiveCfg = Debug|Any CPU
		{7B5176E8-FC2A-4338-BE71-AF141BBC2EC2}.Debug|Any CPU.Build.0 = Debug|Any CPU
		{7B5176E8-FC2A-4338-BE71-AF141BBC2EC2}.Release|Any CPU.ActiveCfg = Release|Any CPU
		{7B5176E8-FC2A-4338-BE71-AF141BBC2EC2}.Release|Any CPU.Build.0 = Release|Any CPU
		{12C88991-3F41-4DB8-887A-9BF5D1B46CE7}.Debug|Any CPU.ActiveCfg = Debug|Any CPU
		{12C88991-3F41-4DB8-887A-9BF5D1B46CE7}.Debug|Any CPU.Build.0 = Debug|Any CPU
		{12C88991-3F41-4DB8-887A-9BF5D1B46CE7}.Release|Any CPU.ActiveCfg = Release|Any CPU
		{12C88991-3F41-4DB8-887A-9BF5D1B46CE7}.Release|Any CPU.Build.0 = Release|Any CPU
		{5887D2F0-243F-437C-93D3-EED7312136AD}.Debug|Any CPU.ActiveCfg = Debug|Any CPU
		{5887D2F0-243F-437C-93D3-EED7312136AD}.Debug|Any CPU.Build.0 = Debug|Any CPU
		{5887D2F0-243F-437C-93D3-EED7312136AD}.Release|Any CPU.ActiveCfg = Release|Any CPU
		{5887D2F0-243F-437C-93D3-EED7312136AD}.Release|Any CPU.Build.0 = Release|Any CPU
		{5AC74C4E-DFEC-4467-A66D-93DAB9B06764}.Debug|Any CPU.ActiveCfg = Debug|Any CPU
		{5AC74C4E-DFEC-4467-A66D-93DAB9B06764}.Debug|Any CPU.Build.0 = Debug|Any CPU
		{5AC74C4E-DFEC-4467-A66D-93DAB9B06764}.Release|Any CPU.ActiveCfg = Release|Any CPU
		{5AC74C4E-DFEC-4467-A66D-93DAB9B06764}.Release|Any CPU.Build.0 = Release|Any CPU
		{02A14F2C-32E4-4343-A3E1-6A1617C718C4}.Debug|Any CPU.ActiveCfg = Debug|Any CPU
		{02A14F2C-32E4-4343-A3E1-6A1617C718C4}.Debug|Any CPU.Build.0 = Debug|Any CPU
		{02A14F2C-32E4-4343-A3E1-6A1617C718C4}.Release|Any CPU.ActiveCfg = Release|Any CPU
		{02A14F2C-32E4-4343-A3E1-6A1617C718C4}.Release|Any CPU.Build.0 = Release|Any CPU
		{CA60B7A9-2825-4032-A2EE-732D898624DF}.Debug|Any CPU.ActiveCfg = Debug|Any CPU
		{CA60B7A9-2825-4032-A2EE-732D898624DF}.Debug|Any CPU.Build.0 = Debug|Any CPU
		{CA60B7A9-2825-4032-A2EE-732D898624DF}.Release|Any CPU.ActiveCfg = Release|Any CPU
		{CA60B7A9-2825-4032-A2EE-732D898624DF}.Release|Any CPU.Build.0 = Release|Any CPU
		{38C3F84D-53D2-4F27-8622-FFF3D2255923}.Debug|Any CPU.ActiveCfg = Debug|Any CPU
		{38C3F84D-53D2-4F27-8622-FFF3D2255923}.Debug|Any CPU.Build.0 = Debug|Any CPU
		{38C3F84D-53D2-4F27-8622-FFF3D2255923}.Release|Any CPU.ActiveCfg = Release|Any CPU
		{38C3F84D-53D2-4F27-8622-FFF3D2255923}.Release|Any CPU.Build.0 = Release|Any CPU
		{E29CC938-DCDB-4CB6-9AC2-0770F91B270A}.Debug|Any CPU.ActiveCfg = Debug|Any CPU
		{E29CC938-DCDB-4CB6-9AC2-0770F91B270A}.Debug|Any CPU.Build.0 = Debug|Any CPU
		{E29CC938-DCDB-4CB6-9AC2-0770F91B270A}.Release|Any CPU.ActiveCfg = Release|Any CPU
		{E29CC938-DCDB-4CB6-9AC2-0770F91B270A}.Release|Any CPU.Build.0 = Release|Any CPU
		{DF0B4E41-4669-42E0-8886-1113AB20B8C9}.Debug|Any CPU.ActiveCfg = Debug|Any CPU
		{DF0B4E41-4669-42E0-8886-1113AB20B8C9}.Debug|Any CPU.Build.0 = Debug|Any CPU
		{DF0B4E41-4669-42E0-8886-1113AB20B8C9}.Release|Any CPU.ActiveCfg = Release|Any CPU
		{DF0B4E41-4669-42E0-8886-1113AB20B8C9}.Release|Any CPU.Build.0 = Release|Any CPU
		{259AD465-3571-4021-B680-660070FAE2C0}.Debug|Any CPU.ActiveCfg = Debug|Any CPU
		{259AD465-3571-4021-B680-660070FAE2C0}.Debug|Any CPU.Build.0 = Debug|Any CPU
		{259AD465-3571-4021-B680-660070FAE2C0}.Release|Any CPU.ActiveCfg = Release|Any CPU
		{259AD465-3571-4021-B680-660070FAE2C0}.Release|Any CPU.Build.0 = Release|Any CPU
		{4B3CDCFB-3D3D-48FD-A82F-A6F10E2D5F03}.Debug|Any CPU.ActiveCfg = Debug|Any CPU
		{4B3CDCFB-3D3D-48FD-A82F-A6F10E2D5F03}.Debug|Any CPU.Build.0 = Debug|Any CPU
		{4B3CDCFB-3D3D-48FD-A82F-A6F10E2D5F03}.Release|Any CPU.ActiveCfg = Release|Any CPU
		{4B3CDCFB-3D3D-48FD-A82F-A6F10E2D5F03}.Release|Any CPU.Build.0 = Release|Any CPU
		{3C85531A-6A44-4C25-8389-E4DFEB613500}.Debug|Any CPU.ActiveCfg = Debug|Any CPU
		{3C85531A-6A44-4C25-8389-E4DFEB613500}.Debug|Any CPU.Build.0 = Debug|Any CPU
		{3C85531A-6A44-4C25-8389-E4DFEB613500}.Release|Any CPU.ActiveCfg = Release|Any CPU
		{3C85531A-6A44-4C25-8389-E4DFEB613500}.Release|Any CPU.Build.0 = Release|Any CPU
		{2CB25740-49E0-46BC-8F88-09AFA3E79744}.Debug|Any CPU.ActiveCfg = Debug|Any CPU
		{2CB25740-49E0-46BC-8F88-09AFA3E79744}.Debug|Any CPU.Build.0 = Debug|Any CPU
		{2CB25740-49E0-46BC-8F88-09AFA3E79744}.Release|Any CPU.ActiveCfg = Release|Any CPU
		{2CB25740-49E0-46BC-8F88-09AFA3E79744}.Release|Any CPU.Build.0 = Release|Any CPU
		{20E75B9A-9E80-45DB-BF01-8E03BAA271A9}.Debug|Any CPU.ActiveCfg = Debug|Any CPU
		{20E75B9A-9E80-45DB-BF01-8E03BAA271A9}.Debug|Any CPU.Build.0 = Debug|Any CPU
		{20E75B9A-9E80-45DB-BF01-8E03BAA271A9}.Release|Any CPU.ActiveCfg = Release|Any CPU
		{20E75B9A-9E80-45DB-BF01-8E03BAA271A9}.Release|Any CPU.Build.0 = Release|Any CPU
		{42133892-BC0C-4DA5-90C4-35B9C75164EC}.Debug|Any CPU.ActiveCfg = Debug|Any CPU
		{42133892-BC0C-4DA5-90C4-35B9C75164EC}.Debug|Any CPU.Build.0 = Debug|Any CPU
		{42133892-BC0C-4DA5-90C4-35B9C75164EC}.Release|Any CPU.ActiveCfg = Release|Any CPU
		{42133892-BC0C-4DA5-90C4-35B9C75164EC}.Release|Any CPU.Build.0 = Release|Any CPU
		{D17748D6-69E0-427F-A713-93AADC8F4189}.Debug|Any CPU.ActiveCfg = Debug|Any CPU
		{D17748D6-69E0-427F-A713-93AADC8F4189}.Debug|Any CPU.Build.0 = Debug|Any CPU
		{D17748D6-69E0-427F-A713-93AADC8F4189}.Release|Any CPU.ActiveCfg = Release|Any CPU
		{D17748D6-69E0-427F-A713-93AADC8F4189}.Release|Any CPU.Build.0 = Release|Any CPU
		{113E8F87-5B64-4E5B-8668-AC04AAD4EA5E}.Debug|Any CPU.ActiveCfg = Debug|Any CPU
		{113E8F87-5B64-4E5B-8668-AC04AAD4EA5E}.Debug|Any CPU.Build.0 = Debug|Any CPU
		{113E8F87-5B64-4E5B-8668-AC04AAD4EA5E}.Release|Any CPU.ActiveCfg = Release|Any CPU
		{113E8F87-5B64-4E5B-8668-AC04AAD4EA5E}.Release|Any CPU.Build.0 = Release|Any CPU
		{AD59A8B8-1AE2-44D3-A99D-9BBEB9D5DF63}.Debug|Any CPU.ActiveCfg = Debug|Any CPU
		{AD59A8B8-1AE2-44D3-A99D-9BBEB9D5DF63}.Debug|Any CPU.Build.0 = Debug|Any CPU
		{AD59A8B8-1AE2-44D3-A99D-9BBEB9D5DF63}.Release|Any CPU.ActiveCfg = Release|Any CPU
		{AD59A8B8-1AE2-44D3-A99D-9BBEB9D5DF63}.Release|Any CPU.Build.0 = Release|Any CPU
		{91AE3869-073B-4B12-9343-971482003879}.Debug|Any CPU.ActiveCfg = Debug|Any CPU
		{91AE3869-073B-4B12-9343-971482003879}.Debug|Any CPU.Build.0 = Debug|Any CPU
		{91AE3869-073B-4B12-9343-971482003879}.Release|Any CPU.ActiveCfg = Release|Any CPU
		{91AE3869-073B-4B12-9343-971482003879}.Release|Any CPU.Build.0 = Release|Any CPU
		{2B782C30-C263-4EB0-A0DD-D9CC1D9A7840}.Debug|Any CPU.ActiveCfg = Debug|Any CPU
		{2B782C30-C263-4EB0-A0DD-D9CC1D9A7840}.Debug|Any CPU.Build.0 = Debug|Any CPU
		{2B782C30-C263-4EB0-A0DD-D9CC1D9A7840}.Release|Any CPU.ActiveCfg = Release|Any CPU
		{2B782C30-C263-4EB0-A0DD-D9CC1D9A7840}.Release|Any CPU.Build.0 = Release|Any CPU
		{E4B1758F-B3BA-4644-90A1-EBACBB4DAC47}.Debug|Any CPU.ActiveCfg = Debug|Any CPU
		{E4B1758F-B3BA-4644-90A1-EBACBB4DAC47}.Debug|Any CPU.Build.0 = Debug|Any CPU
		{E4B1758F-B3BA-4644-90A1-EBACBB4DAC47}.Release|Any CPU.ActiveCfg = Release|Any CPU
		{E4B1758F-B3BA-4644-90A1-EBACBB4DAC47}.Release|Any CPU.Build.0 = Release|Any CPU
		{7941A84F-EF9A-4195-A0A7-43D4BD3373C3}.Debug|Any CPU.ActiveCfg = Debug|Any CPU
		{7941A84F-EF9A-4195-A0A7-43D4BD3373C3}.Debug|Any CPU.Build.0 = Debug|Any CPU
		{7941A84F-EF9A-4195-A0A7-43D4BD3373C3}.Release|Any CPU.ActiveCfg = Release|Any CPU
		{7941A84F-EF9A-4195-A0A7-43D4BD3373C3}.Release|Any CPU.Build.0 = Release|Any CPU
		{E7237245-5173-46E1-B12D-6F425B3D7163}.Debug|Any CPU.ActiveCfg = Debug|Any CPU
		{E7237245-5173-46E1-B12D-6F425B3D7163}.Debug|Any CPU.Build.0 = Debug|Any CPU
		{E7237245-5173-46E1-B12D-6F425B3D7163}.Release|Any CPU.ActiveCfg = Release|Any CPU
		{E7237245-5173-46E1-B12D-6F425B3D7163}.Release|Any CPU.Build.0 = Release|Any CPU
		{11BB4FDA-C563-4E95-890F-777C18E9CC10}.Debug|Any CPU.ActiveCfg = Debug|Any CPU
		{11BB4FDA-C563-4E95-890F-777C18E9CC10}.Debug|Any CPU.Build.0 = Debug|Any CPU
		{11BB4FDA-C563-4E95-890F-777C18E9CC10}.Release|Any CPU.ActiveCfg = Release|Any CPU
		{11BB4FDA-C563-4E95-890F-777C18E9CC10}.Release|Any CPU.Build.0 = Release|Any CPU
		{AD6C3EB0-6462-414A-AA0B-A4BE478EDD66}.Debug|Any CPU.ActiveCfg = Debug|Any CPU
		{AD6C3EB0-6462-414A-AA0B-A4BE478EDD66}.Debug|Any CPU.Build.0 = Debug|Any CPU
		{AD6C3EB0-6462-414A-AA0B-A4BE478EDD66}.Release|Any CPU.ActiveCfg = Release|Any CPU
		{AD6C3EB0-6462-414A-AA0B-A4BE478EDD66}.Release|Any CPU.Build.0 = Release|Any CPU
		{652B2A2C-C287-4221-9ED5-206BB905B8B8}.Debug|Any CPU.ActiveCfg = Debug|Any CPU
		{652B2A2C-C287-4221-9ED5-206BB905B8B8}.Debug|Any CPU.Build.0 = Debug|Any CPU
		{652B2A2C-C287-4221-9ED5-206BB905B8B8}.Release|Any CPU.ActiveCfg = Release|Any CPU
		{652B2A2C-C287-4221-9ED5-206BB905B8B8}.Release|Any CPU.Build.0 = Release|Any CPU
		{3D2233DC-5175-4737-BBFB-4ADCA45012BE}.Debug|Any CPU.ActiveCfg = Debug|Any CPU
		{3D2233DC-5175-4737-BBFB-4ADCA45012BE}.Debug|Any CPU.Build.0 = Debug|Any CPU
		{3D2233DC-5175-4737-BBFB-4ADCA45012BE}.Release|Any CPU.ActiveCfg = Release|Any CPU
		{3D2233DC-5175-4737-BBFB-4ADCA45012BE}.Release|Any CPU.Build.0 = Release|Any CPU
		{3433E1A2-C892-46DE-9E2A-30F085F44CB8}.Debug|Any CPU.ActiveCfg = Debug|Any CPU
		{3433E1A2-C892-46DE-9E2A-30F085F44CB8}.Debug|Any CPU.Build.0 = Debug|Any CPU
		{3433E1A2-C892-46DE-9E2A-30F085F44CB8}.Release|Any CPU.ActiveCfg = Release|Any CPU
		{3433E1A2-C892-46DE-9E2A-30F085F44CB8}.Release|Any CPU.Build.0 = Release|Any CPU
		{351D24FF-2C92-49C5-AC32-5DAB926A4D47}.Debug|Any CPU.ActiveCfg = Debug|Any CPU
		{351D24FF-2C92-49C5-AC32-5DAB926A4D47}.Debug|Any CPU.Build.0 = Debug|Any CPU
		{351D24FF-2C92-49C5-AC32-5DAB926A4D47}.Release|Any CPU.ActiveCfg = Release|Any CPU
		{351D24FF-2C92-49C5-AC32-5DAB926A4D47}.Release|Any CPU.Build.0 = Release|Any CPU
		{3BECC5DE-5895-4D04-90F0-80A3A718D3D6}.Debug|Any CPU.ActiveCfg = Debug|Any CPU
		{3BECC5DE-5895-4D04-90F0-80A3A718D3D6}.Debug|Any CPU.Build.0 = Debug|Any CPU
		{3BECC5DE-5895-4D04-90F0-80A3A718D3D6}.Release|Any CPU.ActiveCfg = Release|Any CPU
		{3BECC5DE-5895-4D04-90F0-80A3A718D3D6}.Release|Any CPU.Build.0 = Release|Any CPU
	EndGlobalSection
	GlobalSection(SolutionProperties) = preSolution
		HideSolutionNode = FALSE
	EndGlobalSection
	GlobalSection(NestedProjects) = preSolution
		{B9BEC14C-D9A3-4DA0-BB62-298E2712F4FD} = {81F1E53C-DF19-48A6-8942-4518789BA79C}
		{4E9B57D8-DB21-4DE8-A085-D57A1036D3AD} = {81F1E53C-DF19-48A6-8942-4518789BA79C}
		{CA5D5676-63F8-41AB-8709-9C0943ECD626} = {81F1E53C-DF19-48A6-8942-4518789BA79C}
		{7B5176E8-FC2A-4338-BE71-AF141BBC2EC2} = {81F1E53C-DF19-48A6-8942-4518789BA79C}
		{12C88991-3F41-4DB8-887A-9BF5D1B46CE7} = {81F1E53C-DF19-48A6-8942-4518789BA79C}
		{5887D2F0-243F-437C-93D3-EED7312136AD} = {81F1E53C-DF19-48A6-8942-4518789BA79C}
		{5AC74C4E-DFEC-4467-A66D-93DAB9B06764} = {81F1E53C-DF19-48A6-8942-4518789BA79C}
		{02A14F2C-32E4-4343-A3E1-6A1617C718C4} = {81F1E53C-DF19-48A6-8942-4518789BA79C}
		{3C85531A-6A44-4C25-8389-E4DFEB613500} = {4215D2D9-92C5-416B-A1AB-ECDB3B9B3801}
		{2CB25740-49E0-46BC-8F88-09AFA3E79744} = {4215D2D9-92C5-416B-A1AB-ECDB3B9B3801}
		{20E75B9A-9E80-45DB-BF01-8E03BAA271A9} = {4215D2D9-92C5-416B-A1AB-ECDB3B9B3801}
		{42133892-BC0C-4DA5-90C4-35B9C75164EC} = {4215D2D9-92C5-416B-A1AB-ECDB3B9B3801}
	EndGlobalSection
	GlobalSection(ExtensibilityGlobals) = postSolution
		SolutionGuid = {CD769E67-24CC-4CF3-B68E-61E7CA597295}
	EndGlobalSection
EndGlobal
